<?xml version="1.0" encoding="UTF-8"?>
<!DOCTYPE plist PUBLIC "-//Apple//DTD PLIST 1.0//EN" "http://www.apple.com/DTDs/PropertyList-1.0.dtd">
<plist version="1.0">
<dict>
	<key>archiveVersion</key>
	<string>1</string>
	<key>classes</key>
	<dict/>
	<key>objectVersion</key>
	<string>45</string>
	<key>objects</key>
	<dict>
		<key>0441945A555CB1367665CFAE</key>
		<dict>
			<key>fileRef</key>
			<string>62B089CFAFF349BDC5396206</string>
			<key>isa</key>
			<string>PBXBuildFile</string>
		</dict>
		<key>080E96DDFE201D6D7F000001</key>
		<dict>
			<key>children</key>
			<array>
				<string>472B193A11787DEA000204D7</string>
				<string>472B193B11787DEA000204D7</string>
				<string>472B189911784586000204D7</string>
				<string>472B189A11784586000204D7</string>
				<string>47DEF79111607D68000976EA</string>
				<string>47DEF79211607D68000976EA</string>
				<string>47BC855E115EEC1700A4362E</string>
				<string>47BC855F115EEC1700A4362E</string>
				<string>28216C950DB411BC00E5133A</string>
				<string>28216C960DB411BC00E5133A</string>
				<string>1D3623240D0F684500981E51</string>
				<string>1D3623250D0F684500981E51</string>
				<string>4731919B115F2F0D00FDA23A</string>
				<string>4731919C115F2F0D00FDA23A</string>
				<string>47DEF6D511606A55000976EA</string>
				<string>47DEF6D611606A55000976EA</string>
				<string>47DEF9261160BB8A000976EA</string>
				<string>47DEF9271160BB8A000976EA</string>
				<string>47DFAF9111816BBB0036AC43</string>
				<string>47DFAF9211816BBB0036AC43</string>
				<string>474F4C0511680F4B005F1BAD</string>
				<string>474F4C0611680F4B005F1BAD</string>
				<string>474F4DA71168A8A1005F1BAD</string>
				<string>474F4DA81168A8A1005F1BAD</string>
				<string>47DFAFA711816D3F0036AC43</string>
				<string>47DFAFA811816D3F0036AC43</string>
				<string>7E130DAB11919CCB00FB7009</string>
				<string>7E130DAC11919CCB00FB7009</string>
				<string>7ECD0CFD11A0CA1000B7CFC6</string>
				<string>7ECD0CFE11A0CA1000B7CFC6</string>
			</array>
			<key>isa</key>
			<string>PBXGroup</string>
			<key>path</key>
			<string>Classes</string>
			<key>sourceTree</key>
			<string>&lt;group&gt;</string>
		</dict>
		<key>0F4F6F23A9DB67629DB39F50</key>
		<dict>
			<key>isa</key>
			<string>PBXFileReference</string>
			<key>lastKnownFileType</key>
			<string>wrapper.framework</string>
			<key>name</key>
			<string>BuddyBuildSDK.framework</string>
			<key>path</key>
			<string>BuddyBuildSDK.framework</string>
			<key>sourceTree</key>
			<string>&lt;group&gt;</string>
		</dict>
		<key>0F6A43667266FB3A6276648D</key>
		<dict>
			<key>isa</key>
			<string>PBXFileReference</string>
			<key>lastKnownFileType</key>
			<string>wrapper.framework</string>
			<key>name</key>
			<string>AssetsLibrary.framework</string>
			<key>path</key>
			<string>System/Library/Frameworks/AssetsLibrary.framework</string>
			<key>sourceTree</key>
			<string>SDKROOT</string>
		</dict>
		<key>195D83AF6271DD18D724EA8E</key>
		<dict>
			<key>isa</key>
			<string>PBXFileReference</string>
			<key>lastKnownFileType</key>
			<string>wrapper.framework</string>
			<key>name</key>
			<string>AVFoundation.framework</string>
			<key>path</key>
			<string>System/Library/Frameworks/AVFoundation.framework</string>
			<key>sourceTree</key>
			<string>SDKROOT</string>
		</dict>
		<key>19C28FACFE9D520D11CA2CBB</key>
		<dict>
			<key>children</key>
			<array>
				<string>1D6058910D05DD3D006BFB54</string>
			</array>
			<key>isa</key>
			<string>PBXGroup</string>
			<key>name</key>
			<string>Products</string>
			<key>sourceTree</key>
			<string>&lt;group&gt;</string>
		</dict>
		<key>1A36A205EBE76846A77EDE9A</key>
		<dict>
			<key>fileRef</key>
			<string>0F6A43667266FB3A6276648D</string>
			<key>isa</key>
			<string>PBXBuildFile</string>
		</dict>
		<key>1D30AB110D05D00D00671497</key>
		<dict>
			<key>isa</key>
			<string>PBXFileReference</string>
			<key>lastKnownFileType</key>
			<string>wrapper.framework</string>
			<key>name</key>
			<string>Foundation.framework</string>
			<key>path</key>
			<string>System/Library/Frameworks/Foundation.framework</string>
			<key>sourceTree</key>
			<string>SDKROOT</string>
		</dict>
		<key>1D3623240D0F684500981E51</key>
		<dict>
			<key>fileEncoding</key>
			<string>4</string>
			<key>isa</key>
			<string>PBXFileReference</string>
			<key>lastKnownFileType</key>
			<string>sourcecode.c.h</string>
			<key>path</key>
			<string>AlienBlueAppDelegate.h</string>
			<key>sourceTree</key>
			<string>&lt;group&gt;</string>
		</dict>
		<key>1D3623250D0F684500981E51</key>
		<dict>
			<key>fileEncoding</key>
			<string>4</string>
			<key>isa</key>
			<string>PBXFileReference</string>
			<key>lastKnownFileType</key>
			<string>sourcecode.c.objc</string>
			<key>path</key>
			<string>AlienBlueAppDelegate.m</string>
			<key>sourceTree</key>
			<string>&lt;group&gt;</string>
		</dict>
		<key>1D3623260D0F684500981E51</key>
		<dict>
			<key>fileRef</key>
			<string>1D3623250D0F684500981E51</string>
			<key>isa</key>
			<string>PBXBuildFile</string>
		</dict>
		<key>1D60588D0D05DD3D006BFB54</key>
		<dict>
			<key>buildActionMask</key>
			<string>2147483647</string>
			<key>files</key>
			<array>
				<string>28AD73880D9D96C1002E5188</string>
				<string>4731935D115F7DEC00FDA23A</string>
				<string>47DEF6DB11606A8F000976EA</string>
				<string>4760A9CC1165875C00E9BB16</string>
				<string>4760ADAC1166F64600E9BB16</string>
				<string>4760ADAD1166F64600E9BB16</string>
				<string>4760ADAE1166F64600E9BB16</string>
				<string>4760ADAF1166F64600E9BB16</string>
				<string>4760ADB01166F64600E9BB16</string>
				<string>4760ADB11166F64600E9BB16</string>
				<string>474F4FFB11698A78005F1BAD</string>
				<string>4731DC3211720923006806D0</string>
				<string>477ADA8E11759A4000342ECD</string>
				<string>472B19E311788D41000204D7</string>
				<string>472B1A1F11789729000204D7</string>
				<string>472B1A221178985C000204D7</string>
				<string>472B1A2411789895000204D7</string>
				<string>47294ED5117C9092001A8EAF</string>
				<string>47BFA8B5117CA2B900A2FD56</string>
				<string>47BFA8B6117CA2B900A2FD56</string>
				<string>47BFAA5F117DC41700A2FD56</string>
				<string>47BFAC90117E837400A2FD56</string>
				<string>47BFAE49117EC19600A2FD56</string>
				<string>47BFAE4A117EC19600A2FD56</string>
				<string>47BFAE53117EC2B800A2FD56</string>
				<string>47BFAE54117EC2B800A2FD56</string>
				<string>47BFAE55117EC2B800A2FD56</string>
				<string>47BFAE56117EC2B800A2FD56</string>
				<string>47BFAE57117EC2B800A2FD56</string>
				<string>47BFAE70117EC69C00A2FD56</string>
				<string>4701FCA31180136900FE9A76</string>
				<string>47C4937C118669200095DB82</string>
				<string>47C4937D118669200095DB82</string>
				<string>47C4937E118669200095DB82</string>
				<string>7E9E49BB1187F1FE00A3C308</string>
				<string>7ECFAC2111883F5C00ACDB60</string>
				<string>7E926FDA118888E900FC2037</string>
				<string>7E926FDB118888E900FC2037</string>
				<string>7E926FDC118888E900FC2037</string>
				<string>7E926FDD118888E900FC2037</string>
				<string>7E926FDE118888E900FC2037</string>
				<string>47E1C5A51189520E00B65F7E</string>
				<string>47E1C5A61189520E00B65F7E</string>
				<string>47E1C5A71189520E00B65F7E</string>
				<string>47C86401118A9B2E00DF5F4E</string>
				<string>47C86403118A9B3900DF5F4E</string>
				<string>4740AF25118C031200A7FA2A</string>
				<string>7EDC74D9118C30E900C79F25</string>
				<string>7EDC74FC118C5B0700C79F25</string>
				<string>7EDF4D27118D3DBD005A7435</string>
				<string>7EDF4E26118D7D62005A7435</string>
				<string>7EE1C9F5118D8AC500B4B7B2</string>
				<string>7E382AFF1190F718000F94DD</string>
				<string>7E130E631191A78800FB7009</string>
				<string>7E03F0361193D028008D3917</string>
				<string>7E60872411944684008AA06E</string>
				<string>7E6087761194505C008AA06E</string>
				<string>7ECD0DDC11A0E66C00B7CFC6</string>
				<string>7E61C94211A79C9C00B77ADB</string>
				<string>7E61C94411A79CAA00B77ADB</string>
				<string>7ECD6F4411A9460B001081A5</string>
				<string>7ECD709011A9778C001081A5</string>
				<string>7ECD709111A9778C001081A5</string>
				<string>7EE5370C11AC6DFD006FFF12</string>
				<string>7EE5372111AC720E006FFF12</string>
				<string>7EEDFE4E11ADDA5E008C039B</string>
			</array>
			<key>isa</key>
			<string>PBXResourcesBuildPhase</string>
			<key>runOnlyForDeploymentPostprocessing</key>
			<string>0</string>
		</dict>
		<key>1D60588E0D05DD3D006BFB54</key>
		<dict>
			<key>buildActionMask</key>
			<string>2147483647</string>
			<key>files</key>
			<array>
				<string>1D60589B0D05DD56006BFB54</string>
				<string>1D3623260D0F684500981E51</string>
				<string>28216C970DB411BC00E5133A</string>
				<string>47BC8560115EEC1700A4362E</string>
				<string>4731919D115F2F0D00FDA23A</string>
				<string>47DEF6D711606A55000976EA</string>
				<string>47DEF79311607D68000976EA</string>
				<string>47DEF9281160BB8A000976EA</string>
				<string>474F4C0711680F4B005F1BAD</string>
				<string>474F4DA91168A8A1005F1BAD</string>
				<string>472B189B11784586000204D7</string>
				<string>472B193C11787DEA000204D7</string>
				<string>47DFAF9311816BBB0036AC43</string>
				<string>47DFAFA911816D3F0036AC43</string>
				<string>7E926FD8118888E900FC2037</string>
				<string>7E926FD9118888E900FC2037</string>
				<string>7EDF4D40118D45D4005A7435</string>
				<string>7E130DAD11919CCB00FB7009</string>
				<string>7E93E854119A6CA90022A45A</string>
				<string>7E93E855119A6CA90022A45A</string>
				<string>7E93E856119A6CA90022A45A</string>
				<string>7E93E857119A6CA90022A45A</string>
				<string>7E93E858119A6CA90022A45A</string>
				<string>7E93E859119A6CA90022A45A</string>
				<string>7ECD0CFF11A0CA1000B7CFC6</string>
			</array>
			<key>isa</key>
			<string>PBXSourcesBuildPhase</string>
			<key>runOnlyForDeploymentPostprocessing</key>
			<string>0</string>
		</dict>
		<key>1D60588F0D05DD3D006BFB54</key>
		<dict>
			<key>buildActionMask</key>
			<string>2147483647</string>
			<key>files</key>
			<array>
				<string>1D60589F0D05DD5A006BFB54</string>
				<string>1DF5F4E00D08C38300B7A737</string>
				<string>288765080DF74369002DB57D</string>
				<string>7E92703111888A7F00FC2037</string>
				<string>7EDF4D45118D464B005A7435</string>
				<string>9F0E6CCC66CFA6BBD1EEC345</string>
				<string>1A36A205EBE76846A77EDE9A</string>
				<string>D8EF1142BAFD164EC918F5F6</string>
				<string>0441945A555CB1367665CFAE</string>
				<string>2F276A186CFC2A9786E25B14</string>
				<string>28C7D033F201E17095CEDE3C</string>
				<string>C779F441AE35F82CAC2C2FEE</string>
				<string>4A9D31B6DB0F3D96139B6CF3</string>
			</array>
			<key>isa</key>
			<string>PBXFrameworksBuildPhase</string>
			<key>runOnlyForDeploymentPostprocessing</key>
			<string>0</string>
		</dict>
		<key>1D6058900D05DD3D006BFB54</key>
		<dict>
			<key>buildConfigurationList</key>
			<string>1D6058960D05DD3E006BFB54</string>
			<key>buildPhases</key>
			<array>
				<string>1D60588D0D05DD3D006BFB54</string>
				<string>1D60588E0D05DD3D006BFB54</string>
				<string>1D60588F0D05DD3D006BFB54</string>
			</array>
			<key>buildRules</key>
			<array/>
			<key>dependencies</key>
			<array/>
			<key>isa</key>
			<string>PBXNativeTarget</string>
			<key>name</key>
			<string>AlienBlue</string>
			<key>productName</key>
			<string>NeuReddit</string>
			<key>productReference</key>
			<string>1D6058910D05DD3D006BFB54</string>
			<key>productType</key>
			<string>com.apple.product-type.application</string>
		</dict>
		<key>1D6058910D05DD3D006BFB54</key>
		<dict>
			<key>explicitFileType</key>
			<string>wrapper.application</string>
			<key>includeInIndex</key>
			<string>0</string>
			<key>isa</key>
			<string>PBXFileReference</string>
			<key>path</key>
			<string>AlienBlue.app</string>
			<key>sourceTree</key>
			<string>BUILT_PRODUCTS_DIR</string>
		</dict>
		<key>1D6058940D05DD3E006BFB54</key>
		<dict>
			<key>buildSettings</key>
			<dict>
				<key>ALWAYS_SEARCH_USER_PATHS</key>
				<string>NO</string>
				<key>CLANG_ENABLE_OBJC_WEAK</key>
				<string>YES</string>
				<key>CODE_SIGN_IDENTITY</key>
				<string>iPhone Developer: Siddhartha Balasubramanian (Z2B29KW6S6)</string>
				<key>COPY_PHASE_STRIP</key>
				<string>NO</string>
				<key>FRAMEWORK_SEARCH_PATHS</key>
				<array>
					<string>$(inherited)</string>
					<string>"$(SRCROOT)"</string>
					<string>$(PROJECT_DIR)</string>
				</array>
				<key>GCC_DYNAMIC_NO_PIC</key>
				<string>NO</string>
				<key>GCC_OPTIMIZATION_LEVEL</key>
				<string>0</string>
				<key>GCC_PRECOMPILE_PREFIX_HEADER</key>
				<string>YES</string>
				<key>GCC_PREFIX_HEADER</key>
				<string>AlienBlue_Prefix.pch</string>
				<key>INFOPLIST_FILE</key>
				<string>AlienBlue-Info.plist</string>
				<key>PRODUCT_NAME</key>
				<string>AlienBlue</string>
				<key>PROVISIONING_PROFILE</key>
				<string>01f41bc9-42bc-47c8-83f9-21c18855bb81</string>
			</dict>
			<key>isa</key>
			<string>XCBuildConfiguration</string>
			<key>name</key>
			<string>Debug</string>
		</dict>
		<key>1D6058950D05DD3E006BFB54</key>
		<dict>
			<key>buildSettings</key>
			<dict>
				<key>ALWAYS_SEARCH_USER_PATHS</key>
				<string>NO</string>
				<key>CLANG_ENABLE_OBJC_WEAK</key>
				<string>YES</string>
				<key>CODE_SIGN_IDENTITY</key>
				<string>iPhone Developer: Siddhartha Balasubramanian (Z2B29KW6S6)</string>
				<key>CODE_SIGN_IDENTITY[sdk=iphoneos*]</key>
				<string>iPhone Developer: Siddhartha Balasubramanian (Z2B29KW6S6)</string>
				<key>COPY_PHASE_STRIP</key>
				<string>YES</string>
				<key>FRAMEWORK_SEARCH_PATHS</key>
				<array>
					<string>$(inherited)</string>
					<string>"$(SRCROOT)"</string>
					<string>$(PROJECT_DIR)</string>
				</array>
				<key>GCC_PRECOMPILE_PREFIX_HEADER</key>
				<string>YES</string>
				<key>GCC_PREFIX_HEADER</key>
				<string>AlienBlue_Prefix.pch</string>
				<key>INFOPLIST_FILE</key>
				<string>AlienBlue-Info.plist</string>
				<key>PRODUCT_NAME</key>
				<string>AlienBlue</string>
				<key>PROVISIONING_PROFILE</key>
				<string>01f41bc9-42bc-47c8-83f9-21c18855bb81</string>
			</dict>
			<key>isa</key>
			<string>XCBuildConfiguration</string>
			<key>name</key>
			<string>Release</string>
		</dict>
		<key>1D6058960D05DD3E006BFB54</key>
		<dict>
			<key>buildConfigurations</key>
			<array>
				<string>1D6058940D05DD3E006BFB54</string>
				<string>1D6058950D05DD3E006BFB54</string>
				<string>7E03F0061193CBDC008D3917</string>
			</array>
			<key>defaultConfigurationIsVisible</key>
			<string>0</string>
			<key>defaultConfigurationName</key>
			<string>Release</string>
			<key>isa</key>
			<string>XCConfigurationList</string>
		</dict>
		<key>1D60589B0D05DD56006BFB54</key>
		<dict>
			<key>fileRef</key>
			<string>29B97316FDCFA39411CA2CEA</string>
			<key>isa</key>
			<string>PBXBuildFile</string>
		</dict>
		<key>1D60589F0D05DD5A006BFB54</key>
		<dict>
			<key>fileRef</key>
			<string>1D30AB110D05D00D00671497</string>
			<key>isa</key>
			<string>PBXBuildFile</string>
		</dict>
		<key>1DF5F4DF0D08C38300B7A737</key>
		<dict>
			<key>isa</key>
			<string>PBXFileReference</string>
			<key>lastKnownFileType</key>
			<string>wrapper.framework</string>
			<key>name</key>
			<string>UIKit.framework</string>
			<key>path</key>
			<string>System/Library/Frameworks/UIKit.framework</string>
			<key>sourceTree</key>
			<string>SDKROOT</string>
		</dict>
		<key>1DF5F4E00D08C38300B7A737</key>
		<dict>
			<key>fileRef</key>
			<string>1DF5F4DF0D08C38300B7A737</string>
			<key>isa</key>
			<string>PBXBuildFile</string>
		</dict>
		<key>2458BECDC49B04B7A4FDC249</key>
		<dict>
			<key>isa</key>
			<string>PBXFileReference</string>
			<key>lastKnownFileType</key>
			<string>wrapper.framework</string>
			<key>name</key>
			<string>CoreVideo.framework</string>
			<key>path</key>
			<string>System/Library/Frameworks/CoreVideo.framework</string>
			<key>sourceTree</key>
			<string>SDKROOT</string>
		</dict>
		<key>26DFEF73E22D9B7E8C619847</key>
		<dict>
			<key>isa</key>
			<string>PBXFileReference</string>
			<key>lastKnownFileType</key>
			<string>wrapper.framework</string>
			<key>name</key>
			<string>CoreText.framework</string>
			<key>path</key>
			<string>System/Library/Frameworks/CoreText.framework</string>
			<key>sourceTree</key>
			<string>SDKROOT</string>
		</dict>
		<key>28216C950DB411BC00E5133A</key>
		<dict>
			<key>fileEncoding</key>
			<string>4</string>
			<key>isa</key>
			<string>PBXFileReference</string>
			<key>lastKnownFileType</key>
			<string>sourcecode.c.h</string>
			<key>path</key>
			<string>BrowserViewController.h</string>
			<key>sourceTree</key>
			<string>&lt;group&gt;</string>
		</dict>
		<key>28216C960DB411BC00E5133A</key>
		<dict>
			<key>fileEncoding</key>
			<string>4</string>
			<key>isa</key>
			<string>PBXFileReference</string>
			<key>lastKnownFileType</key>
			<string>sourcecode.c.objc</string>
			<key>path</key>
			<string>BrowserViewController.m</string>
			<key>sourceTree</key>
			<string>&lt;group&gt;</string>
		</dict>
		<key>28216C970DB411BC00E5133A</key>
		<dict>
			<key>fileRef</key>
			<string>28216C960DB411BC00E5133A</string>
			<key>isa</key>
			<string>PBXBuildFile</string>
		</dict>
		<key>288765070DF74369002DB57D</key>
		<dict>
			<key>isa</key>
			<string>PBXFileReference</string>
			<key>lastKnownFileType</key>
			<string>wrapper.framework</string>
			<key>name</key>
			<string>CoreGraphics.framework</string>
			<key>path</key>
			<string>System/Library/Frameworks/CoreGraphics.framework</string>
			<key>sourceTree</key>
			<string>SDKROOT</string>
		</dict>
		<key>288765080DF74369002DB57D</key>
		<dict>
			<key>fileRef</key>
			<string>288765070DF74369002DB57D</string>
			<key>isa</key>
			<string>PBXBuildFile</string>
		</dict>
		<key>28A0AB4B0D9B1048005BE974</key>
		<dict>
			<key>fileEncoding</key>
			<string>4</string>
			<key>isa</key>
			<string>PBXFileReference</string>
			<key>lastKnownFileType</key>
			<string>sourcecode.c.h</string>
			<key>path</key>
			<string>AlienBlue_Prefix.pch</string>
			<key>sourceTree</key>
			<string>&lt;group&gt;</string>
		</dict>
		<key>28AD73870D9D96C1002E5188</key>
		<dict>
			<key>isa</key>
			<string>PBXFileReference</string>
			<key>lastKnownFileType</key>
			<string>file.xib</string>
			<key>name</key>
			<string>MainWindow.xib</string>
			<key>path</key>
			<string>Xibs/MainWindow.xib</string>
			<key>sourceTree</key>
			<string>&lt;group&gt;</string>
		</dict>
		<key>28AD73880D9D96C1002E5188</key>
		<dict>
			<key>fileRef</key>
			<string>28AD73870D9D96C1002E5188</string>
			<key>isa</key>
			<string>PBXBuildFile</string>
		</dict>
		<key>28C7D033F201E17095CEDE3C</key>
		<dict>
			<key>fileRef</key>
			<string>195D83AF6271DD18D724EA8E</string>
			<key>isa</key>
			<string>PBXBuildFile</string>
		</dict>
		<key>28CD50D68F258564D64D3E9C</key>
		<dict>
			<key>isa</key>
			<string>PBXFileReference</string>
			<key>lastKnownFileType</key>
			<string>wrapper.framework</string>
			<key>name</key>
			<string>QuartzCore.framework</string>
			<key>path</key>
			<string>System/Library/Frameworks/QuartzCore.framework</string>
			<key>sourceTree</key>
			<string>SDKROOT</string>
		</dict>
		<key>29B97313FDCFA39411CA2CEA</key>
		<dict>
			<key>attributes</key>
			<dict>
				<key>TargetAttributes</key>
				<dict>
					<key>1D6058900D05DD3D006BFB54</key>
					<dict>
						<key>DevelopmentTeam</key>
						<string>L4FET847JL</string>
					</dict>
				</dict>
			</dict>
			<key>buildConfigurationList</key>
			<string>C01FCF4E08A954540054247B</string>
			<key>compatibilityVersion</key>
			<string>Xcode 3.1</string>
			<key>developmentRegion</key>
			<string>English</string>
			<key>hasScannedForEncodings</key>
			<string>1</string>
			<key>isa</key>
			<string>PBXProject</string>
			<key>knownRegions</key>
			<array>
				<string>en</string>
			</array>
			<key>mainGroup</key>
			<string>29B97314FDCFA39411CA2CEA</string>
			<key>projectDirPath</key>
			<string></string>
			<key>projectReferences</key>
			<array/>
			<key>projectRoot</key>
			<string></string>
			<key>targets</key>
			<array>
				<string>1D6058900D05DD3D006BFB54</string>
			</array>
		</dict>
		<key>29B97314FDCFA39411CA2CEA</key>
		<dict>
			<key>children</key>
			<array>
				<string>7E03F0351193D028008D3917</string>
				<string>4701FCA21180136900FE9A76</string>
				<string>47BFAA5E117DC41700A2FD56</string>
				<string>080E96DDFE201D6D7F000001</string>
				<string>29B97315FDCFA39411CA2CEA</string>
				<string>29B97317FDCFA39411CA2CEA</string>
				<string>29B97323FDCFA39411CA2CEA</string>
				<string>19C28FACFE9D520D11CA2CBB</string>
				<string>7EEDFE4D11ADDA5E008C039B</string>
			</array>
			<key>isa</key>
			<string>PBXGroup</string>
			<key>name</key>
			<string>NeuReddit</string>
			<key>sourceTree</key>
			<string>&lt;group&gt;</string>
		</dict>
		<key>29B97315FDCFA39411CA2CEA</key>
		<dict>
			<key>children</key>
			<array>
				<string>28A0AB4B0D9B1048005BE974</string>
				<string>29B97316FDCFA39411CA2CEA</string>
			</array>
			<key>isa</key>
			<string>PBXGroup</string>
			<key>name</key>
			<string>Other Sources</string>
			<key>sourceTree</key>
			<string>&lt;group&gt;</string>
		</dict>
		<key>29B97316FDCFA39411CA2CEA</key>
		<dict>
			<key>fileEncoding</key>
			<string>4</string>
			<key>isa</key>
			<string>PBXFileReference</string>
			<key>lastKnownFileType</key>
			<string>sourcecode.c.objc</string>
			<key>path</key>
			<string>main.m</string>
			<key>sourceTree</key>
			<string>&lt;group&gt;</string>
		</dict>
		<key>29B97317FDCFA39411CA2CEA</key>
		<dict>
			<key>children</key>
			<array>
				<string>474F521E116A2248005F1BAD</string>
				<string>474F4DA21168A825005F1BAD</string>
				<string>4760ADA41166F63D00E9BB16</string>
				<string>8D1107310486CEB800E47090</string>
			</array>
			<key>isa</key>
			<string>PBXGroup</string>
			<key>name</key>
			<string>Resources</string>
			<key>sourceTree</key>
			<string>&lt;group&gt;</string>
		</dict>
		<key>29B97323FDCFA39411CA2CEA</key>
		<dict>
			<key>children</key>
			<array>
				<string>7EF9772411ADCDF900B5D81F</string>
				<string>7E93E846119A6CA90022A45A</string>
				<string>7EDF4D44118D464B005A7435</string>
				<string>7E92703011888A7F00FC2037</string>
				<string>7E926FCD118888E800FC2037</string>
				<string>1DF5F4DF0D08C38300B7A737</string>
				<string>1D30AB110D05D00D00671497</string>
				<string>288765070DF74369002DB57D</string>
				<string>0F4F6F23A9DB67629DB39F50</string>
				<string>0F6A43667266FB3A6276648D</string>
				<string>26DFEF73E22D9B7E8C619847</string>
				<string>62B089CFAFF349BDC5396206</string>
				<string>28CD50D68F258564D64D3E9C</string>
				<string>195D83AF6271DD18D724EA8E</string>
				<string>2EA65FA22B101870322BFA2B</string>
				<string>2458BECDC49B04B7A4FDC249</string>
			</array>
			<key>isa</key>
			<string>PBXGroup</string>
			<key>name</key>
			<string>Frameworks</string>
			<key>sourceTree</key>
			<string>&lt;group&gt;</string>
		</dict>
		<key>2EA65FA22B101870322BFA2B</key>
		<dict>
			<key>isa</key>
			<string>PBXFileReference</string>
			<key>lastKnownFileType</key>
			<string>wrapper.framework</string>
			<key>name</key>
			<string>CoreMedia.framework</string>
			<key>path</key>
			<string>System/Library/Frameworks/CoreMedia.framework</string>
			<key>sourceTree</key>
			<string>SDKROOT</string>
		</dict>
		<key>2F276A186CFC2A9786E25B14</key>
		<dict>
			<key>fileRef</key>
			<string>28CD50D68F258564D64D3E9C</string>
			<key>isa</key>
			<string>PBXBuildFile</string>
		</dict>
		<key>4701FCA21180136900FE9A76</key>
		<dict>
			<key>isa</key>
			<string>PBXFileReference</string>
			<key>lastKnownFileType</key>
			<string>image.png</string>
			<key>path</key>
			<string>Default.png</string>
			<key>sourceTree</key>
			<string>&lt;group&gt;</string>
		</dict>
		<key>4701FCA31180136900FE9A76</key>
		<dict>
			<key>fileRef</key>
			<string>4701FCA21180136900FE9A76</string>
			<key>isa</key>
			<string>PBXBuildFile</string>
		</dict>
		<key>47294ED4117C9092001A8EAF</key>
		<dict>
			<key>isa</key>
			<string>PBXFileReference</string>
			<key>lastKnownFileType</key>
			<string>file.xib</string>
			<key>name</key>
			<string>SettingsView.xib</string>
			<key>path</key>
			<string>Xibs/SettingsView.xib</string>
			<key>sourceTree</key>
			<string>&lt;group&gt;</string>
		</dict>
		<key>47294ED5117C9092001A8EAF</key>
		<dict>
			<key>fileRef</key>
			<string>47294ED4117C9092001A8EAF</string>
			<key>isa</key>
			<string>PBXBuildFile</string>
		</dict>
		<key>472B189911784586000204D7</key>
		<dict>
			<key>fileEncoding</key>
			<string>4</string>
			<key>isa</key>
			<string>PBXFileReference</string>
			<key>lastKnownFileType</key>
			<string>sourcecode.c.h</string>
			<key>path</key>
			<string>MessagesTableViewController.h</string>
			<key>sourceTree</key>
			<string>&lt;group&gt;</string>
		</dict>
		<key>472B189A11784586000204D7</key>
		<dict>
			<key>fileEncoding</key>
			<string>4</string>
			<key>isa</key>
			<string>PBXFileReference</string>
			<key>lastKnownFileType</key>
			<string>sourcecode.c.objc</string>
			<key>path</key>
			<string>MessagesTableViewController.m</string>
			<key>sourceTree</key>
			<string>&lt;group&gt;</string>
		</dict>
		<key>472B189B11784586000204D7</key>
		<dict>
			<key>fileRef</key>
			<string>472B189A11784586000204D7</string>
			<key>isa</key>
			<string>PBXBuildFile</string>
		</dict>
		<key>472B193A11787DEA000204D7</key>
		<dict>
			<key>fileEncoding</key>
			<string>4</string>
			<key>isa</key>
			<string>PBXFileReference</string>
			<key>lastKnownFileType</key>
			<string>sourcecode.c.h</string>
			<key>path</key>
			<string>MessageCell.h</string>
			<key>sourceTree</key>
			<string>&lt;group&gt;</string>
		</dict>
		<key>472B193B11787DEA000204D7</key>
		<dict>
			<key>fileEncoding</key>
			<string>4</string>
			<key>isa</key>
			<string>PBXFileReference</string>
			<key>lastKnownFileType</key>
			<string>sourcecode.c.objc</string>
			<key>path</key>
			<string>MessageCell.m</string>
			<key>sourceTree</key>
			<string>&lt;group&gt;</string>
		</dict>
		<key>472B193C11787DEA000204D7</key>
		<dict>
			<key>fileRef</key>
			<string>472B193B11787DEA000204D7</string>
			<key>isa</key>
			<string>PBXBuildFile</string>
		</dict>
		<key>472B19E111788D41000204D7</key>
		<dict>
			<key>isa</key>
			<string>PBXFileReference</string>
			<key>lastKnownFileType</key>
			<string>image.png</string>
			<key>name</key>
			<string>mail-gray.png</string>
			<key>path</key>
			<string>Images/mail-gray.png</string>
			<key>sourceTree</key>
			<string>&lt;group&gt;</string>
		</dict>
		<key>472B19E311788D41000204D7</key>
		<dict>
			<key>fileRef</key>
			<string>472B19E111788D41000204D7</string>
			<key>isa</key>
			<string>PBXBuildFile</string>
		</dict>
		<key>472B1A1E11789729000204D7</key>
		<dict>
			<key>isa</key>
			<string>PBXFileReference</string>
			<key>lastKnownFileType</key>
			<string>image.png</string>
			<key>name</key>
			<string>mail-red-thin.png</string>
			<key>path</key>
			<string>Images/mail-red-thin.png</string>
			<key>sourceTree</key>
			<string>&lt;group&gt;</string>
		</dict>
		<key>472B1A1F11789729000204D7</key>
		<dict>
			<key>fileRef</key>
			<string>472B1A1E11789729000204D7</string>
			<key>isa</key>
			<string>PBXBuildFile</string>
		</dict>
		<key>472B1A211178985C000204D7</key>
		<dict>
			<key>isa</key>
			<string>PBXFileReference</string>
			<key>lastKnownFileType</key>
			<string>image.png</string>
			<key>name</key>
			<string>gear-icon.png</string>
			<key>path</key>
			<string>Images/gear-icon.png</string>
			<key>sourceTree</key>
			<string>&lt;group&gt;</string>
		</dict>
		<key>472B1A221178985C000204D7</key>
		<dict>
			<key>fileRef</key>
			<string>472B1A211178985C000204D7</string>
			<key>isa</key>
			<string>PBXBuildFile</string>
		</dict>
		<key>472B1A2311789895000204D7</key>
		<dict>
			<key>isa</key>
			<string>PBXFileReference</string>
			<key>lastKnownFileType</key>
			<string>image.png</string>
			<key>name</key>
			<string>mail-red.png</string>
			<key>path</key>
			<string>Images/mail-red.png</string>
			<key>sourceTree</key>
			<string>&lt;group&gt;</string>
		</dict>
		<key>472B1A2411789895000204D7</key>
		<dict>
			<key>fileRef</key>
			<string>472B1A2311789895000204D7</string>
			<key>isa</key>
			<string>PBXBuildFile</string>
		</dict>
		<key>4731919B115F2F0D00FDA23A</key>
		<dict>
			<key>fileEncoding</key>
			<string>4</string>
			<key>isa</key>
			<string>PBXFileReference</string>
			<key>lastKnownFileType</key>
			<string>sourcecode.c.h</string>
			<key>path</key>
			<string>PostCell.h</string>
			<key>sourceTree</key>
			<string>&lt;group&gt;</string>
		</dict>
		<key>4731919C115F2F0D00FDA23A</key>
		<dict>
			<key>fileEncoding</key>
			<string>4</string>
			<key>isa</key>
			<string>PBXFileReference</string>
			<key>lastKnownFileType</key>
			<string>sourcecode.c.objc</string>
			<key>path</key>
			<string>PostCell.m</string>
			<key>sourceTree</key>
			<string>&lt;group&gt;</string>
		</dict>
		<key>4731919D115F2F0D00FDA23A</key>
		<dict>
			<key>fileRef</key>
			<string>4731919C115F2F0D00FDA23A</string>
			<key>isa</key>
			<string>PBXBuildFile</string>
		</dict>
		<key>4731935C115F7DEC00FDA23A</key>
		<dict>
			<key>isa</key>
			<string>PBXFileReference</string>
			<key>lastKnownFileType</key>
			<string>image.png</string>
			<key>name</key>
			<string>black-gradient.png</string>
			<key>path</key>
			<string>Images/black-gradient.png</string>
			<key>sourceTree</key>
			<string>&lt;group&gt;</string>
		</dict>
		<key>4731935D115F7DEC00FDA23A</key>
		<dict>
			<key>fileRef</key>
			<string>4731935C115F7DEC00FDA23A</string>
			<key>isa</key>
			<string>PBXBuildFile</string>
		</dict>
		<key>4731DC3111720923006806D0</key>
		<dict>
			<key>isa</key>
			<string>PBXFileReference</string>
			<key>lastKnownFileType</key>
			<string>image.png</string>
			<key>name</key>
			<string>button-background.png</string>
			<key>path</key>
			<string>Images/button-background.png</string>
			<key>sourceTree</key>
			<string>&lt;group&gt;</string>
		</dict>
		<key>4731DC3211720923006806D0</key>
		<dict>
			<key>fileRef</key>
			<string>4731DC3111720923006806D0</string>
			<key>isa</key>
			<string>PBXBuildFile</string>
		</dict>
		<key>4740AF24118C031200A7FA2A</key>
		<dict>
			<key>isa</key>
			<string>PBXFileReference</string>
			<key>lastKnownFileType</key>
			<string>image.png</string>
			<key>name</key>
			<string>upgrade-to-pro-label.png</string>
			<key>path</key>
			<string>Images/upgrade-to-pro-label.png</string>
			<key>sourceTree</key>
			<string>&lt;group&gt;</string>
		</dict>
		<key>4740AF25118C031200A7FA2A</key>
		<dict>
			<key>fileRef</key>
			<string>4740AF24118C031200A7FA2A</string>
			<key>isa</key>
			<string>PBXBuildFile</string>
		</dict>
		<key>474F4C0511680F4B005F1BAD</key>
		<dict>
			<key>fileEncoding</key>
			<string>4</string>
			<key>isa</key>
			<string>PBXFileReference</string>
			<key>lastKnownFileType</key>
			<string>sourcecode.c.h</string>
			<key>path</key>
			<string>RedditAPI.h</string>
			<key>sourceTree</key>
			<string>&lt;group&gt;</string>
		</dict>
		<key>474F4C0611680F4B005F1BAD</key>
		<dict>
			<key>fileEncoding</key>
			<string>4</string>
			<key>isa</key>
			<string>PBXFileReference</string>
			<key>lastKnownFileType</key>
			<string>sourcecode.c.objc</string>
			<key>path</key>
			<string>RedditAPI.m</string>
			<key>sourceTree</key>
			<string>&lt;group&gt;</string>
		</dict>
		<key>474F4C0711680F4B005F1BAD</key>
		<dict>
			<key>fileRef</key>
			<string>474F4C0611680F4B005F1BAD</string>
			<key>isa</key>
			<string>PBXBuildFile</string>
		</dict>
		<key>474F4DA21168A825005F1BAD</key>
		<dict>
			<key>children</key>
			<array>
				<string>7E61C94311A79CAA00B77ADB</string>
				<string>7E61C94111A79C9C00B77ADB</string>
				<string>47294ED4117C9092001A8EAF</string>
				<string>474F4FFA11698A78005F1BAD</string>
				<string>47DEF6DA11606A8F000976EA</string>
				<string>28AD73870D9D96C1002E5188</string>
				<string>4760A9CB1165875C00E9BB16</string>
			</array>
			<key>isa</key>
			<string>PBXGroup</string>
			<key>name</key>
			<string>Xibs</string>
			<key>sourceTree</key>
			<string>&lt;group&gt;</string>
		</dict>
		<key>474F4DA71168A8A1005F1BAD</key>
		<dict>
			<key>fileEncoding</key>
			<string>4</string>
			<key>isa</key>
			<string>PBXFileReference</string>
			<key>lastKnownFileType</key>
			<string>sourcecode.c.h</string>
			<key>path</key>
			<string>SettingsTableViewController.h</string>
			<key>sourceTree</key>
			<string>&lt;group&gt;</string>
		</dict>
		<key>474F4DA81168A8A1005F1BAD</key>
		<dict>
			<key>fileEncoding</key>
			<string>4</string>
			<key>isa</key>
			<string>PBXFileReference</string>
			<key>lastKnownFileType</key>
			<string>sourcecode.c.objc</string>
			<key>path</key>
			<string>SettingsTableViewController.m</string>
			<key>sourceTree</key>
			<string>&lt;group&gt;</string>
		</dict>
		<key>474F4DA91168A8A1005F1BAD</key>
		<dict>
			<key>fileRef</key>
			<string>474F4DA81168A8A1005F1BAD</string>
			<key>isa</key>
			<string>PBXBuildFile</string>
		</dict>
		<key>474F4FFA11698A78005F1BAD</key>
		<dict>
			<key>isa</key>
			<string>PBXFileReference</string>
			<key>lastKnownFileType</key>
			<string>file.xib</string>
			<key>name</key>
			<string>PostsView.xib</string>
			<key>path</key>
			<string>Xibs/PostsView.xib</string>
			<key>sourceTree</key>
			<string>&lt;group&gt;</string>
		</dict>
		<key>474F4FFB11698A78005F1BAD</key>
		<dict>
			<key>fileRef</key>
			<string>474F4FFA11698A78005F1BAD</string>
			<key>isa</key>
			<string>PBXBuildFile</string>
		</dict>
		<key>474F521E116A2248005F1BAD</key>
		<dict>
			<key>children</key>
			<array>
				<string>7E130E621191A78800FB7009</string>
				<string>7E382AFE1190F718000F94DD</string>
				<string>7E9E49BA1187F1FE00A3C308</string>
				<string>4731DC3111720923006806D0</string>
			</array>
			<key>isa</key>
			<string>PBXGroup</string>
			<key>name</key>
			<string>Backgrounds</string>
			<key>sourceTree</key>
			<string>&lt;group&gt;</string>
		</dict>
		<key>4760A9CB1165875C00E9BB16</key>
		<dict>
			<key>isa</key>
			<string>PBXFileReference</string>
			<key>lastKnownFileType</key>
			<string>file.xib</string>
			<key>name</key>
			<string>BrowserView.xib</string>
			<key>path</key>
			<string>Xibs/BrowserView.xib</string>
			<key>sourceTree</key>
			<string>&lt;group&gt;</string>
		</dict>
		<key>4760A9CC1165875C00E9BB16</key>
		<dict>
			<key>fileRef</key>
			<string>4760A9CB1165875C00E9BB16</string>
			<key>isa</key>
			<string>PBXBuildFile</string>
		</dict>
		<key>4760ADA41166F63D00E9BB16</key>
		<dict>
			<key>children</key>
			<array>
				<string>7EE5372011AC720E006FFF12</string>
				<string>7EE5370B11AC6DFD006FFF12</string>
				<string>7ECD708E11A9778C001081A5</string>
				<string>7ECD708F11A9778C001081A5</string>
				<string>7ECD6F4311A9460B001081A5</string>
				<string>7ECD0DDB11A0E66C00B7CFC6</string>
				<string>7E6087751194505C008AA06E</string>
				<string>7E60872311944684008AA06E</string>
				<string>7EE1C9F4118D8AC500B4B7B2</string>
				<string>7EDF4E25118D7D62005A7435</string>
				<string>7EDF4D26118D3DBD005A7435</string>
				<string>7EDC74FB118C5B0700C79F25</string>
				<string>7EDC74D8118C30E900C79F25</string>
				<string>4740AF24118C031200A7FA2A</string>
				<string>47C86402118A9B3900DF5F4E</string>
				<string>47C86400118A9B2E00DF5F4E</string>
				<string>47E1C5A21189520E00B65F7E</string>
				<string>47E1C5A31189520E00B65F7E</string>
				<string>47E1C5A41189520E00B65F7E</string>
				<string>7ECFAC2011883F5C00ACDB60</string>
				<string>47C49379118669200095DB82</string>
				<string>47C4937A118669200095DB82</string>
				<string>47C4937B118669200095DB82</string>
				<string>47BFAE6F117EC69C00A2FD56</string>
				<string>47BFAE4E117EC2B800A2FD56</string>
				<string>47BFAE4F117EC2B800A2FD56</string>
				<string>47BFAE50117EC2B800A2FD56</string>
				<string>47BFAE51117EC2B800A2FD56</string>
				<string>47BFAE52117EC2B800A2FD56</string>
				<string>47BFAE47117EC19600A2FD56</string>
				<string>4731935C115F7DEC00FDA23A</string>
				<string>47BFAE48117EC19600A2FD56</string>
				<string>47BFAC8F117E837400A2FD56</string>
				<string>47BFA8B3117CA2B900A2FD56</string>
				<string>47BFA8B4117CA2B900A2FD56</string>
				<string>472B1A2311789895000204D7</string>
				<string>472B1A211178985C000204D7</string>
				<string>472B1A1E11789729000204D7</string>
				<string>472B19E111788D41000204D7</string>
				<string>477ADA8D11759A4000342ECD</string>
				<string>4760ADA61166F64600E9BB16</string>
				<string>4760ADA71166F64600E9BB16</string>
				<string>4760ADA81166F64600E9BB16</string>
				<string>4760ADA91166F64600E9BB16</string>
				<string>4760ADAA1166F64600E9BB16</string>
				<string>4760ADAB1166F64600E9BB16</string>
			</array>
			<key>isa</key>
			<string>PBXGroup</string>
			<key>name</key>
			<string>Images</string>
			<key>sourceTree</key>
			<string>&lt;group&gt;</string>
		</dict>
		<key>4760ADA61166F64600E9BB16</key>
		<dict>
			<key>isa</key>
			<string>PBXFileReference</string>
			<key>lastKnownFileType</key>
			<string>image.png</string>
			<key>name</key>
			<string>vote-up.png</string>
			<key>path</key>
			<string>Images/vote-up.png</string>
			<key>sourceTree</key>
			<string>&lt;group&gt;</string>
		</dict>
		<key>4760ADA71166F64600E9BB16</key>
		<dict>
			<key>isa</key>
			<string>PBXFileReference</string>
			<key>lastKnownFileType</key>
			<string>image.png</string>
			<key>name</key>
			<string>vote-down-selected.png</string>
			<key>path</key>
			<string>Images/vote-down-selected.png</string>
			<key>sourceTree</key>
			<string>&lt;group&gt;</string>
		</dict>
		<key>4760ADA81166F64600E9BB16</key>
		<dict>
			<key>isa</key>
			<string>PBXFileReference</string>
			<key>lastKnownFileType</key>
			<string>image.png</string>
			<key>name</key>
			<string>vote-down.png</string>
			<key>path</key>
			<string>Images/vote-down.png</string>
			<key>sourceTree</key>
			<string>&lt;group&gt;</string>
		</dict>
		<key>4760ADA91166F64600E9BB16</key>
		<dict>
			<key>isa</key>
			<string>PBXFileReference</string>
			<key>lastKnownFileType</key>
			<string>image.png</string>
			<key>name</key>
			<string>vote-up-selected.png</string>
			<key>path</key>
			<string>Images/vote-up-selected.png</string>
			<key>sourceTree</key>
			<string>&lt;group&gt;</string>
		</dict>
		<key>4760ADAA1166F64600E9BB16</key>
		<dict>
			<key>isa</key>
			<string>PBXFileReference</string>
			<key>lastKnownFileType</key>
			<string>image.png</string>
			<key>name</key>
			<string>reply.png</string>
			<key>path</key>
			<string>Images/reply.png</string>
			<key>sourceTree</key>
			<string>&lt;group&gt;</string>
		</dict>
		<key>4760ADAB1166F64600E9BB16</key>
		<dict>
			<key>isa</key>
			<string>PBXFileReference</string>
			<key>lastKnownFileType</key>
			<string>image.png</string>
			<key>name</key>
			<string>reply-selected.png</string>
			<key>path</key>
			<string>Images/reply-selected.png</string>
			<key>sourceTree</key>
			<string>&lt;group&gt;</string>
		</dict>
		<key>4760ADAC1166F64600E9BB16</key>
		<dict>
			<key>fileRef</key>
			<string>4760ADA61166F64600E9BB16</string>
			<key>isa</key>
			<string>PBXBuildFile</string>
		</dict>
		<key>4760ADAD1166F64600E9BB16</key>
		<dict>
			<key>fileRef</key>
			<string>4760ADA71166F64600E9BB16</string>
			<key>isa</key>
			<string>PBXBuildFile</string>
		</dict>
		<key>4760ADAE1166F64600E9BB16</key>
		<dict>
			<key>fileRef</key>
			<string>4760ADA81166F64600E9BB16</string>
			<key>isa</key>
			<string>PBXBuildFile</string>
		</dict>
		<key>4760ADAF1166F64600E9BB16</key>
		<dict>
			<key>fileRef</key>
			<string>4760ADA91166F64600E9BB16</string>
			<key>isa</key>
			<string>PBXBuildFile</string>
		</dict>
		<key>4760ADB01166F64600E9BB16</key>
		<dict>
			<key>fileRef</key>
			<string>4760ADAA1166F64600E9BB16</string>
			<key>isa</key>
			<string>PBXBuildFile</string>
		</dict>
		<key>4760ADB11166F64600E9BB16</key>
		<dict>
			<key>fileRef</key>
			<string>4760ADAB1166F64600E9BB16</string>
			<key>isa</key>
			<string>PBXBuildFile</string>
		</dict>
		<key>477ADA8D11759A4000342ECD</key>
		<dict>
			<key>isa</key>
			<string>PBXFileReference</string>
			<key>lastKnownFileType</key>
			<string>image.png</string>
			<key>name</key>
			<string>level-arrows.png</string>
			<key>path</key>
			<string>Images/level-arrows.png</string>
			<key>sourceTree</key>
			<string>&lt;group&gt;</string>
		</dict>
		<key>477ADA8E11759A4000342ECD</key>
		<dict>
			<key>fileRef</key>
			<string>477ADA8D11759A4000342ECD</string>
			<key>isa</key>
			<string>PBXBuildFile</string>
		</dict>
		<key>47BC855E115EEC1700A4362E</key>
		<dict>
			<key>fileEncoding</key>
			<string>4</string>
			<key>isa</key>
			<string>PBXFileReference</string>
			<key>lastKnownFileType</key>
			<string>sourcecode.c.h</string>
			<key>path</key>
			<string>PostsTableControllerView.h</string>
			<key>sourceTree</key>
			<string>&lt;group&gt;</string>
		</dict>
		<key>47BC855F115EEC1700A4362E</key>
		<dict>
			<key>fileEncoding</key>
			<string>4</string>
			<key>isa</key>
			<string>PBXFileReference</string>
			<key>lastKnownFileType</key>
			<string>sourcecode.c.objc</string>
			<key>path</key>
			<string>PostsTableControllerView.m</string>
			<key>sourceTree</key>
			<string>&lt;group&gt;</string>
		</dict>
		<key>47BC8560115EEC1700A4362E</key>
		<dict>
			<key>fileRef</key>
			<string>47BC855F115EEC1700A4362E</string>
			<key>isa</key>
			<string>PBXBuildFile</string>
		</dict>
		<key>47BFA8B3117CA2B900A2FD56</key>
		<dict>
			<key>isa</key>
			<string>PBXFileReference</string>
			<key>lastKnownFileType</key>
			<string>image.png</string>
			<key>name</key>
			<string>top-scroll.png</string>
			<key>path</key>
			<string>Images/top-scroll.png</string>
			<key>sourceTree</key>
			<string>&lt;group&gt;</string>
		</dict>
		<key>47BFA8B4117CA2B900A2FD56</key>
		<dict>
			<key>isa</key>
			<string>PBXFileReference</string>
			<key>lastKnownFileType</key>
			<string>image.png</string>
			<key>name</key>
			<string>bottom-scroll.png</string>
			<key>path</key>
			<string>Images/bottom-scroll.png</string>
			<key>sourceTree</key>
			<string>&lt;group&gt;</string>
		</dict>
		<key>47BFA8B5117CA2B900A2FD56</key>
		<dict>
			<key>fileRef</key>
			<string>47BFA8B3117CA2B900A2FD56</string>
			<key>isa</key>
			<string>PBXBuildFile</string>
		</dict>
		<key>47BFA8B6117CA2B900A2FD56</key>
		<dict>
			<key>fileRef</key>
			<string>47BFA8B4117CA2B900A2FD56</string>
			<key>isa</key>
			<string>PBXBuildFile</string>
		</dict>
		<key>47BFAA5E117DC41700A2FD56</key>
		<dict>
			<key>isa</key>
			<string>PBXFileReference</string>
			<key>lastKnownFileType</key>
			<string>image.png</string>
			<key>path</key>
			<string>IconBig.png</string>
			<key>sourceTree</key>
			<string>&lt;group&gt;</string>
		</dict>
		<key>47BFAA5F117DC41700A2FD56</key>
		<dict>
			<key>fileRef</key>
			<string>47BFAA5E117DC41700A2FD56</string>
			<key>isa</key>
			<string>PBXBuildFile</string>
		</dict>
		<key>47BFAC8F117E837400A2FD56</key>
		<dict>
			<key>isa</key>
			<string>PBXFileReference</string>
			<key>lastKnownFileType</key>
			<string>image.png</string>
			<key>name</key>
			<string>comment-parent-icon.png</string>
			<key>path</key>
			<string>Images/comment-parent-icon.png</string>
			<key>sourceTree</key>
			<string>&lt;group&gt;</string>
		</dict>
		<key>47BFAC90117E837400A2FD56</key>
		<dict>
			<key>fileRef</key>
			<string>47BFAC8F117E837400A2FD56</string>
			<key>isa</key>
			<string>PBXBuildFile</string>
		</dict>
		<key>47BFAE47117EC19600A2FD56</key>
		<dict>
			<key>isa</key>
			<string>PBXFileReference</string>
			<key>lastKnownFileType</key>
			<string>image.png</string>
			<key>name</key>
			<string>readability-icon.png</string>
			<key>path</key>
			<string>Images/readability-icon.png</string>
			<key>sourceTree</key>
			<string>&lt;group&gt;</string>
		</dict>
		<key>47BFAE48117EC19600A2FD56</key>
		<dict>
			<key>isa</key>
			<string>PBXFileReference</string>
			<key>lastKnownFileType</key>
			<string>image.png</string>
			<key>name</key>
			<string>readability-back-icon.png</string>
			<key>path</key>
			<string>Images/readability-back-icon.png</string>
			<key>sourceTree</key>
			<string>&lt;group&gt;</string>
		</dict>
		<key>47BFAE49117EC19600A2FD56</key>
		<dict>
			<key>fileRef</key>
			<string>47BFAE47117EC19600A2FD56</string>
			<key>isa</key>
			<string>PBXBuildFile</string>
		</dict>
		<key>47BFAE4A117EC19600A2FD56</key>
		<dict>
			<key>fileRef</key>
			<string>47BFAE48117EC19600A2FD56</string>
			<key>isa</key>
			<string>PBXBuildFile</string>
		</dict>
		<key>47BFAE4E117EC2B800A2FD56</key>
		<dict>
			<key>isa</key>
			<string>PBXFileReference</string>
			<key>lastKnownFileType</key>
			<string>image.png</string>
			<key>name</key>
			<string>vote-up-small.png</string>
			<key>path</key>
			<string>Images/vote-up-small.png</string>
			<key>sourceTree</key>
			<string>&lt;group&gt;</string>
		</dict>
		<key>47BFAE4F117EC2B800A2FD56</key>
		<dict>
			<key>isa</key>
			<string>PBXFileReference</string>
			<key>lastKnownFileType</key>
			<string>image.png</string>
			<key>name</key>
			<string>vote-down-small.png</string>
			<key>path</key>
			<string>Images/vote-down-small.png</string>
			<key>sourceTree</key>
			<string>&lt;group&gt;</string>
		</dict>
		<key>47BFAE50117EC2B800A2FD56</key>
		<dict>
			<key>isa</key>
			<string>PBXFileReference</string>
			<key>lastKnownFileType</key>
			<string>image.png</string>
			<key>name</key>
			<string>vote-down-selected-small.png</string>
			<key>path</key>
			<string>Images/vote-down-selected-small.png</string>
			<key>sourceTree</key>
			<string>&lt;group&gt;</string>
		</dict>
		<key>47BFAE51117EC2B800A2FD56</key>
		<dict>
			<key>isa</key>
			<string>PBXFileReference</string>
			<key>lastKnownFileType</key>
			<string>image.png</string>
			<key>name</key>
			<string>load-all-images.png</string>
			<key>path</key>
			<string>Images/load-all-images.png</string>
			<key>sourceTree</key>
			<string>&lt;group&gt;</string>
		</dict>
		<key>47BFAE52117EC2B800A2FD56</key>
		<dict>
			<key>isa</key>
			<string>PBXFileReference</string>
			<key>lastKnownFileType</key>
			<string>image.png</string>
			<key>name</key>
			<string>vote-up-selected-small.png</string>
			<key>path</key>
			<string>Images/vote-up-selected-small.png</string>
			<key>sourceTree</key>
			<string>&lt;group&gt;</string>
		</dict>
		<key>47BFAE53117EC2B800A2FD56</key>
		<dict>
			<key>fileRef</key>
			<string>47BFAE4E117EC2B800A2FD56</string>
			<key>isa</key>
			<string>PBXBuildFile</string>
		</dict>
		<key>47BFAE54117EC2B800A2FD56</key>
		<dict>
			<key>fileRef</key>
			<string>47BFAE4F117EC2B800A2FD56</string>
			<key>isa</key>
			<string>PBXBuildFile</string>
		</dict>
		<key>47BFAE55117EC2B800A2FD56</key>
		<dict>
			<key>fileRef</key>
			<string>47BFAE50117EC2B800A2FD56</string>
			<key>isa</key>
			<string>PBXBuildFile</string>
		</dict>
		<key>47BFAE56117EC2B800A2FD56</key>
		<dict>
			<key>fileRef</key>
			<string>47BFAE51117EC2B800A2FD56</string>
			<key>isa</key>
			<string>PBXBuildFile</string>
		</dict>
		<key>47BFAE57117EC2B800A2FD56</key>
		<dict>
			<key>fileRef</key>
			<string>47BFAE52117EC2B800A2FD56</string>
			<key>isa</key>
			<string>PBXBuildFile</string>
		</dict>
		<key>47BFAE6F117EC69C00A2FD56</key>
		<dict>
			<key>isa</key>
			<string>PBXFileReference</string>
			<key>lastKnownFileType</key>
			<string>image.png</string>
			<key>name</key>
			<string>edit-icon.png</string>
			<key>path</key>
			<string>Images/edit-icon.png</string>
			<key>sourceTree</key>
			<string>&lt;group&gt;</string>
		</dict>
		<key>47BFAE70117EC69C00A2FD56</key>
		<dict>
			<key>fileRef</key>
			<string>47BFAE6F117EC69C00A2FD56</string>
			<key>isa</key>
			<string>PBXBuildFile</string>
		</dict>
		<key>47C49379118669200095DB82</key>
		<dict>
			<key>isa</key>
			<string>PBXFileReference</string>
			<key>lastKnownFileType</key>
			<string>image.png</string>
			<key>name</key>
			<string>hide-icon.png</string>
			<key>path</key>
			<string>Images/hide-icon.png</string>
			<key>sourceTree</key>
			<string>&lt;group&gt;</string>
		</dict>
		<key>47C4937A118669200095DB82</key>
		<dict>
			<key>isa</key>
			<string>PBXFileReference</string>
			<key>lastKnownFileType</key>
			<string>image.png</string>
			<key>name</key>
			<string>star-selected-icon.png</string>
			<key>path</key>
			<string>Images/star-selected-icon.png</string>
			<key>sourceTree</key>
			<string>&lt;group&gt;</string>
		</dict>
		<key>47C4937B118669200095DB82</key>
		<dict>
			<key>isa</key>
			<string>PBXFileReference</string>
			<key>lastKnownFileType</key>
			<string>image.png</string>
			<key>name</key>
			<string>star-icon.png</string>
			<key>path</key>
			<string>Images/star-icon.png</string>
			<key>sourceTree</key>
			<string>&lt;group&gt;</string>
		</dict>
		<key>47C4937C118669200095DB82</key>
		<dict>
			<key>fileRef</key>
			<string>47C49379118669200095DB82</string>
			<key>isa</key>
			<string>PBXBuildFile</string>
		</dict>
		<key>47C4937D118669200095DB82</key>
		<dict>
			<key>fileRef</key>
			<string>47C4937A118669200095DB82</string>
			<key>isa</key>
			<string>PBXBuildFile</string>
		</dict>
		<key>47C4937E118669200095DB82</key>
		<dict>
			<key>fileRef</key>
			<string>47C4937B118669200095DB82</string>
			<key>isa</key>
			<string>PBXBuildFile</string>
		</dict>
		<key>47C86400118A9B2E00DF5F4E</key>
		<dict>
			<key>isa</key>
			<string>PBXFileReference</string>
			<key>lastKnownFileType</key>
			<string>image.png</string>
			<key>name</key>
			<string>pro-feature-label.png</string>
			<key>path</key>
			<string>Images/pro-feature-label.png</string>
			<key>sourceTree</key>
			<string>&lt;group&gt;</string>
		</dict>
		<key>47C86401118A9B2E00DF5F4E</key>
		<dict>
			<key>fileRef</key>
			<string>47C86400118A9B2E00DF5F4E</string>
			<key>isa</key>
			<string>PBXBuildFile</string>
		</dict>
		<key>47C86402118A9B3900DF5F4E</key>
		<dict>
			<key>isa</key>
			<string>PBXFileReference</string>
			<key>lastKnownFileType</key>
			<string>image.png</string>
			<key>name</key>
			<string>hide-selected-icon.png</string>
			<key>path</key>
			<string>Images/hide-selected-icon.png</string>
			<key>sourceTree</key>
			<string>&lt;group&gt;</string>
		</dict>
		<key>47C86403118A9B3900DF5F4E</key>
		<dict>
			<key>fileRef</key>
			<string>47C86402118A9B3900DF5F4E</string>
			<key>isa</key>
			<string>PBXBuildFile</string>
		</dict>
		<key>47DEF6D511606A55000976EA</key>
		<dict>
			<key>fileEncoding</key>
			<string>4</string>
			<key>isa</key>
			<string>PBXFileReference</string>
			<key>lastKnownFileType</key>
			<string>sourcecode.c.h</string>
			<key>path</key>
			<string>CommentsTableViewController.h</string>
			<key>sourceTree</key>
			<string>&lt;group&gt;</string>
		</dict>
		<key>47DEF6D611606A55000976EA</key>
		<dict>
			<key>fileEncoding</key>
			<string>4</string>
			<key>isa</key>
			<string>PBXFileReference</string>
			<key>lastKnownFileType</key>
			<string>sourcecode.c.objc</string>
			<key>path</key>
			<string>CommentsTableViewController.m</string>
			<key>sourceTree</key>
			<string>&lt;group&gt;</string>
		</dict>
		<key>47DEF6D711606A55000976EA</key>
		<dict>
			<key>fileRef</key>
			<string>47DEF6D611606A55000976EA</string>
			<key>isa</key>
			<string>PBXBuildFile</string>
		</dict>
		<key>47DEF6DA11606A8F000976EA</key>
		<dict>
			<key>isa</key>
			<string>PBXFileReference</string>
			<key>lastKnownFileType</key>
			<string>file.xib</string>
			<key>name</key>
			<string>CommentsView.xib</string>
			<key>path</key>
			<string>Xibs/CommentsView.xib</string>
			<key>sourceTree</key>
			<string>&lt;group&gt;</string>
		</dict>
		<key>47DEF6DB11606A8F000976EA</key>
		<dict>
			<key>fileRef</key>
			<string>47DEF6DA11606A8F000976EA</string>
			<key>isa</key>
			<string>PBXBuildFile</string>
		</dict>
		<key>47DEF79111607D68000976EA</key>
		<dict>
			<key>fileEncoding</key>
			<string>4</string>
			<key>isa</key>
			<string>PBXFileReference</string>
			<key>lastKnownFileType</key>
			<string>sourcecode.c.h</string>
			<key>path</key>
			<string>NavigationController.h</string>
			<key>sourceTree</key>
			<string>&lt;group&gt;</string>
		</dict>
		<key>47DEF79211607D68000976EA</key>
		<dict>
			<key>fileEncoding</key>
			<string>4</string>
			<key>isa</key>
			<string>PBXFileReference</string>
			<key>lastKnownFileType</key>
			<string>sourcecode.c.objc</string>
			<key>path</key>
			<string>NavigationController.m</string>
			<key>sourceTree</key>
			<string>&lt;group&gt;</string>
		</dict>
		<key>47DEF79311607D68000976EA</key>
		<dict>
			<key>fileRef</key>
			<string>47DEF79211607D68000976EA</string>
			<key>isa</key>
			<string>PBXBuildFile</string>
		</dict>
		<key>47DEF9261160BB8A000976EA</key>
		<dict>
			<key>fileEncoding</key>
			<string>4</string>
			<key>isa</key>
			<string>PBXFileReference</string>
			<key>lastKnownFileType</key>
			<string>sourcecode.c.h</string>
			<key>path</key>
			<string>CommentCell.h</string>
			<key>sourceTree</key>
			<string>&lt;group&gt;</string>
		</dict>
		<key>47DEF9271160BB8A000976EA</key>
		<dict>
			<key>fileEncoding</key>
			<string>4</string>
			<key>isa</key>
			<string>PBXFileReference</string>
			<key>lastKnownFileType</key>
			<string>sourcecode.c.objc</string>
			<key>path</key>
			<string>CommentCell.m</string>
			<key>sourceTree</key>
			<string>&lt;group&gt;</string>
		</dict>
		<key>47DEF9281160BB8A000976EA</key>
		<dict>
			<key>fileRef</key>
			<string>47DEF9271160BB8A000976EA</string>
			<key>isa</key>
			<string>PBXBuildFile</string>
		</dict>
		<key>47DFAF9111816BBB0036AC43</key>
		<dict>
			<key>fileEncoding</key>
			<string>4</string>
			<key>isa</key>
			<string>PBXFileReference</string>
			<key>lastKnownFileType</key>
			<string>sourcecode.c.h</string>
			<key>path</key>
			<string>CommentCellView.h</string>
			<key>sourceTree</key>
			<string>&lt;group&gt;</string>
		</dict>
		<key>47DFAF9211816BBB0036AC43</key>
		<dict>
			<key>fileEncoding</key>
			<string>4</string>
			<key>isa</key>
			<string>PBXFileReference</string>
			<key>lastKnownFileType</key>
			<string>sourcecode.c.objc</string>
			<key>path</key>
			<string>CommentCellView.m</string>
			<key>sourceTree</key>
			<string>&lt;group&gt;</string>
		</dict>
		<key>47DFAF9311816BBB0036AC43</key>
		<dict>
			<key>fileRef</key>
			<string>47DFAF9211816BBB0036AC43</string>
			<key>isa</key>
			<string>PBXBuildFile</string>
		</dict>
		<key>47DFAFA711816D3F0036AC43</key>
		<dict>
			<key>fileEncoding</key>
			<string>4</string>
			<key>isa</key>
			<string>PBXFileReference</string>
			<key>lastKnownFileType</key>
			<string>sourcecode.c.h</string>
			<key>path</key>
			<string>CommentWrapper.h</string>
			<key>sourceTree</key>
			<string>&lt;group&gt;</string>
		</dict>
		<key>47DFAFA811816D3F0036AC43</key>
		<dict>
			<key>fileEncoding</key>
			<string>4</string>
			<key>isa</key>
			<string>PBXFileReference</string>
			<key>lastKnownFileType</key>
			<string>sourcecode.c.objc</string>
			<key>path</key>
			<string>CommentWrapper.m</string>
			<key>sourceTree</key>
			<string>&lt;group&gt;</string>
		</dict>
		<key>47DFAFA911816D3F0036AC43</key>
		<dict>
			<key>fileRef</key>
			<string>47DFAFA811816D3F0036AC43</string>
			<key>isa</key>
			<string>PBXBuildFile</string>
		</dict>
		<key>47E1C5A21189520E00B65F7E</key>
		<dict>
			<key>isa</key>
			<string>PBXFileReference</string>
			<key>lastKnownFileType</key>
			<string>image.png</string>
			<key>name</key>
			<string>video-icon.png</string>
			<key>path</key>
			<string>Images/video-icon.png</string>
			<key>sourceTree</key>
			<string>&lt;group&gt;</string>
		</dict>
		<key>47E1C5A31189520E00B65F7E</key>
		<dict>
			<key>isa</key>
			<string>PBXFileReference</string>
			<key>lastKnownFileType</key>
			<string>image.png</string>
			<key>name</key>
			<string>image-icon.png</string>
			<key>path</key>
			<string>Images/image-icon.png</string>
			<key>sourceTree</key>
			<string>&lt;group&gt;</string>
		</dict>
		<key>47E1C5A41189520E00B65F7E</key>
		<dict>
			<key>isa</key>
			<string>PBXFileReference</string>
			<key>lastKnownFileType</key>
			<string>image.png</string>
			<key>name</key>
			<string>article-icon.png</string>
			<key>path</key>
			<string>Images/article-icon.png</string>
			<key>sourceTree</key>
			<string>&lt;group&gt;</string>
		</dict>
		<key>47E1C5A51189520E00B65F7E</key>
		<dict>
			<key>fileRef</key>
			<string>47E1C5A21189520E00B65F7E</string>
			<key>isa</key>
			<string>PBXBuildFile</string>
		</dict>
		<key>47E1C5A61189520E00B65F7E</key>
		<dict>
			<key>fileRef</key>
			<string>47E1C5A31189520E00B65F7E</string>
			<key>isa</key>
			<string>PBXBuildFile</string>
		</dict>
		<key>47E1C5A71189520E00B65F7E</key>
		<dict>
			<key>fileRef</key>
			<string>47E1C5A41189520E00B65F7E</string>
			<key>isa</key>
			<string>PBXBuildFile</string>
		</dict>
		<key>4A9D31B6DB0F3D96139B6CF3</key>
		<dict>
			<key>fileRef</key>
			<string>2458BECDC49B04B7A4FDC249</string>
			<key>isa</key>
			<string>PBXBuildFile</string>
		</dict>
		<key>62B089CFAFF349BDC5396206</key>
		<dict>
			<key>isa</key>
			<string>PBXFileReference</string>
			<key>lastKnownFileType</key>
			<string>wrapper.framework</string>
			<key>name</key>
			<string>CoreTelephony.framework</string>
			<key>path</key>
			<string>System/Library/Frameworks/CoreTelephony.framework</string>
			<key>sourceTree</key>
			<string>SDKROOT</string>
		</dict>
		<key>7E03F0051193CBDC008D3917</key>
		<dict>
			<key>buildSettings</key>
			<dict>
				<key>ARCHS</key>
				<string>$(ARCHS_STANDARD_32_BIT)</string>
				<key>CODE_SIGN_IDENTITY[sdk=iphoneos*]</key>
				<string>iPhone Distribution: Morrissey Exchange Pty Ltd</string>
				<key>GCC_C_LANGUAGE_STANDARD</key>
				<string>c99</string>
				<key>GCC_WARN_ABOUT_RETURN_TYPE</key>
				<string>YES</string>
				<key>GCC_WARN_UNUSED_VARIABLE</key>
				<string>YES</string>
				<key>GENERATE_PROFILING_CODE</key>
				<string>YES</string>
				<key>PREBINDING</key>
				<string>NO</string>
				<key>PRODUCT_NAME</key>
				<string>Alien Blue</string>
				<key>PROVISIONING_PROFILE[sdk=iphoneos*]</key>
				<string>BFFC9700-4F30-4501-9C1A-E496EC986429</string>
				<key>SDKROOT</key>
				<string>iphoneos3.0</string>
			</dict>
			<key>isa</key>
			<string>XCBuildConfiguration</string>
			<key>name</key>
			<string>Distribution</string>
		</dict>
		<key>7E03F0061193CBDC008D3917</key>
		<dict>
			<key>buildSettings</key>
			<dict>
				<key>ALWAYS_SEARCH_USER_PATHS</key>
				<string>NO</string>
				<key>CLANG_ENABLE_OBJC_WEAK</key>
				<string>YES</string>
				<key>CODE_SIGN_IDENTITY</key>
				<string>iPhone Developer: Siddhartha Balasubramanian (Z2B29KW6S6)</string>
				<key>COPY_PHASE_STRIP</key>
				<string>YES</string>
				<key>FRAMEWORK_SEARCH_PATHS</key>
				<array>
					<string>$(inherited)</string>
					<string>"$(SRCROOT)"</string>
					<string>$(PROJECT_DIR)</string>
				</array>
				<key>GCC_PRECOMPILE_PREFIX_HEADER</key>
				<string>YES</string>
				<key>GCC_PREFIX_HEADER</key>
				<string>AlienBlue_Prefix.pch</string>
				<key>INFOPLIST_FILE</key>
				<string>AlienBlue-Info.plist</string>
				<key>PRODUCT_NAME</key>
				<string>AlienBlue</string>
				<key>PROVISIONING_PROFILE</key>
				<string>01f41bc9-42bc-47c8-83f9-21c18855bb81</string>
			</dict>
			<key>isa</key>
			<string>XCBuildConfiguration</string>
			<key>name</key>
			<string>Distribution</string>
		</dict>
		<key>7E03F0351193D028008D3917</key>
		<dict>
			<key>isa</key>
			<string>PBXFileReference</string>
			<key>lastKnownFileType</key>
			<string>image.png</string>
			<key>path</key>
			<string>Icon.png</string>
			<key>sourceTree</key>
			<string>&lt;group&gt;</string>
		</dict>
		<key>7E03F0361193D028008D3917</key>
		<dict>
			<key>fileRef</key>
			<string>7E03F0351193D028008D3917</string>
			<key>isa</key>
			<string>PBXBuildFile</string>
		</dict>
		<key>7E130DAB11919CCB00FB7009</key>
		<dict>
			<key>fileEncoding</key>
			<string>4</string>
			<key>isa</key>
			<string>PBXFileReference</string>
			<key>lastKnownFileType</key>
			<string>sourcecode.c.h</string>
			<key>path</key>
			<string>Resources.h</string>
			<key>sourceTree</key>
			<string>&lt;group&gt;</string>
		</dict>
		<key>7E130DAC11919CCB00FB7009</key>
		<dict>
			<key>fileEncoding</key>
			<string>4</string>
			<key>isa</key>
			<string>PBXFileReference</string>
			<key>lastKnownFileType</key>
			<string>sourcecode.c.objc</string>
			<key>path</key>
			<string>Resources.m</string>
			<key>sourceTree</key>
			<string>&lt;group&gt;</string>
		</dict>
		<key>7E130DAD11919CCB00FB7009</key>
		<dict>
			<key>fileRef</key>
			<string>7E130DAC11919CCB00FB7009</string>
			<key>isa</key>
			<string>PBXBuildFile</string>
		</dict>
		<key>7E130E621191A78800FB7009</key>
		<dict>
			<key>isa</key>
			<string>PBXFileReference</string>
			<key>lastKnownFileType</key>
			<string>image.png</string>
			<key>name</key>
			<string>button-background-dark.png</string>
			<key>path</key>
			<string>Images/button-background-dark.png</string>
			<key>sourceTree</key>
			<string>&lt;group&gt;</string>
		</dict>
		<key>7E130E631191A78800FB7009</key>
		<dict>
			<key>fileRef</key>
			<string>7E130E621191A78800FB7009</string>
			<key>isa</key>
			<string>PBXBuildFile</string>
		</dict>
		<key>7E382AFE1190F718000F94DD</key>
		<dict>
			<key>isa</key>
			<string>PBXFileReference</string>
			<key>lastKnownFileType</key>
			<string>image.png</string>
			<key>name</key>
			<string>DefaultBGBlack.png</string>
			<key>path</key>
			<string>Images/DefaultBGBlack.png</string>
			<key>sourceTree</key>
			<string>&lt;group&gt;</string>
		</dict>
		<key>7E382AFF1190F718000F94DD</key>
		<dict>
			<key>fileRef</key>
			<string>7E382AFE1190F718000F94DD</string>
			<key>isa</key>
			<string>PBXBuildFile</string>
		</dict>
		<key>7E60872311944684008AA06E</key>
		<dict>
			<key>isa</key>
			<string>PBXFileReference</string>
			<key>lastKnownFileType</key>
			<string>image.png</string>
			<key>name</key>
			<string>tips-sheet.png</string>
			<key>path</key>
			<string>Images/tips-sheet.png</string>
			<key>sourceTree</key>
			<string>&lt;group&gt;</string>
		</dict>
		<key>7E60872411944684008AA06E</key>
		<dict>
			<key>fileRef</key>
			<string>7E60872311944684008AA06E</string>
			<key>isa</key>
			<string>PBXBuildFile</string>
		</dict>
		<key>7E6087751194505C008AA06E</key>
		<dict>
			<key>isa</key>
			<string>PBXFileReference</string>
			<key>lastKnownFileType</key>
			<string>image.png</string>
			<key>name</key>
			<string>info-icon.png</string>
			<key>path</key>
			<string>Images/info-icon.png</string>
			<key>sourceTree</key>
			<string>&lt;group&gt;</string>
		</dict>
		<key>7E6087761194505C008AA06E</key>
		<dict>
			<key>fileRef</key>
			<string>7E6087751194505C008AA06E</string>
			<key>isa</key>
			<string>PBXBuildFile</string>
		</dict>
		<key>7E61C94111A79C9C00B77ADB</key>
		<dict>
			<key>isa</key>
			<string>PBXFileReference</string>
			<key>lastKnownFileType</key>
			<string>file.xib</string>
			<key>name</key>
			<string>MessagesView.xib</string>
			<key>path</key>
			<string>Xibs/MessagesView.xib</string>
			<key>sourceTree</key>
			<string>&lt;group&gt;</string>
		</dict>
		<key>7E61C94211A79C9C00B77ADB</key>
		<dict>
			<key>fileRef</key>
			<string>7E61C94111A79C9C00B77ADB</string>
			<key>isa</key>
			<string>PBXBuildFile</string>
		</dict>
		<key>7E61C94311A79CAA00B77ADB</key>
		<dict>
			<key>isa</key>
			<string>PBXFileReference</string>
			<key>lastKnownFileType</key>
			<string>file.xib</string>
			<key>name</key>
			<string>CustomMessageCell.xib</string>
			<key>path</key>
			<string>Xibs/CustomMessageCell.xib</string>
			<key>sourceTree</key>
			<string>&lt;group&gt;</string>
		</dict>
		<key>7E61C94411A79CAA00B77ADB</key>
		<dict>
			<key>fileRef</key>
			<string>7E61C94311A79CAA00B77ADB</string>
			<key>isa</key>
			<string>PBXBuildFile</string>
		</dict>
		<key>7E926FCD118888E800FC2037</key>
		<dict>
			<key>children</key>
			<array>
				<string>7E926FCE118888E800FC2037</string>
				<string>7E926FCF118888E800FC2037</string>
				<string>7E926FD0118888E800FC2037</string>
				<string>7E926FD1118888E800FC2037</string>
				<string>7E926FD2118888E800FC2037</string>
				<string>7E926FD3118888E800FC2037</string>
			</array>
			<key>isa</key>
			<string>PBXGroup</string>
			<key>path</key>
			<string>MKStoreKit</string>
			<key>sourceTree</key>
			<string>&lt;group&gt;</string>
		</dict>
		<key>7E926FCE118888E800FC2037</key>
		<dict>
			<key>fileEncoding</key>
			<string>4</string>
			<key>isa</key>
			<string>PBXFileReference</string>
			<key>lastKnownFileType</key>
			<string>sourcecode.c.h</string>
			<key>path</key>
			<string>MKStoreManager.h</string>
			<key>sourceTree</key>
			<string>&lt;group&gt;</string>
		</dict>
		<key>7E926FCF118888E800FC2037</key>
		<dict>
			<key>fileEncoding</key>
			<string>4</string>
			<key>isa</key>
			<string>PBXFileReference</string>
			<key>lastKnownFileType</key>
			<string>sourcecode.c.objc</string>
			<key>path</key>
			<string>MKStoreManager.m</string>
			<key>sourceTree</key>
			<string>&lt;group&gt;</string>
		</dict>
		<key>7E926FD0118888E800FC2037</key>
		<dict>
			<key>fileEncoding</key>
			<string>4</string>
			<key>isa</key>
			<string>PBXFileReference</string>
			<key>lastKnownFileType</key>
			<string>sourcecode.c.h</string>
			<key>path</key>
			<string>MKStoreObserver.h</string>
			<key>sourceTree</key>
			<string>&lt;group&gt;</string>
		</dict>
		<key>7E926FD1118888E800FC2037</key>
		<dict>
			<key>fileEncoding</key>
			<string>4</string>
			<key>isa</key>
			<string>PBXFileReference</string>
			<key>lastKnownFileType</key>
			<string>sourcecode.c.objc</string>
			<key>path</key>
			<string>MKStoreObserver.m</string>
			<key>sourceTree</key>
			<string>&lt;group&gt;</string>
		</dict>
		<key>7E926FD2118888E800FC2037</key>
		<dict>
			<key>fileEncoding</key>
			<string>4</string>
			<key>isa</key>
			<string>PBXFileReference</string>
			<key>lastKnownFileType</key>
			<string>text</string>
			<key>path</key>
			<string>readme.txt</string>
			<key>sourceTree</key>
			<string>&lt;group&gt;</string>
		</dict>
		<key>7E926FD3118888E800FC2037</key>
		<dict>
			<key>children</key>
			<array>
				<string>7E926FD4118888E900FC2037</string>
				<string>7E926FD5118888E900FC2037</string>
				<string>7E926FD6118888E900FC2037</string>
				<string>7E926FD7118888E900FC2037</string>
			</array>
			<key>isa</key>
			<string>PBXGroup</string>
			<key>path</key>
			<string>Server Code</string>
			<key>sourceTree</key>
			<string>&lt;group&gt;</string>
		</dict>
		<key>7E926FD4118888E900FC2037</key>
		<dict>
			<key>fileEncoding</key>
			<string>4</string>
			<key>isa</key>
			<string>PBXFileReference</string>
			<key>lastKnownFileType</key>
			<string>text.html</string>
			<key>path</key>
			<string>AddDevice.html</string>
			<key>sourceTree</key>
			<string>&lt;group&gt;</string>
		</dict>
		<key>7E926FD5118888E900FC2037</key>
		<dict>
			<key>fileEncoding</key>
			<string>4</string>
			<key>isa</key>
			<string>PBXFileReference</string>
			<key>lastKnownFileType</key>
			<string>text</string>
			<key>path</key>
			<string>DBSetup.sql</string>
			<key>sourceTree</key>
			<string>&lt;group&gt;</string>
		</dict>
		<key>7E926FD6118888E900FC2037</key>
		<dict>
			<key>fileEncoding</key>
			<string>4</string>
			<key>isa</key>
			<string>PBXFileReference</string>
			<key>lastKnownFileType</key>
			<string>text.script.php</string>
			<key>path</key>
			<string>featureCheck.php</string>
			<key>sourceTree</key>
			<string>&lt;group&gt;</string>
		</dict>
		<key>7E926FD7118888E900FC2037</key>
		<dict>
			<key>fileEncoding</key>
			<string>4</string>
			<key>isa</key>
			<string>PBXFileReference</string>
			<key>lastKnownFileType</key>
			<string>text.script.php</string>
			<key>path</key>
			<string>requestAccess.php</string>
			<key>sourceTree</key>
			<string>&lt;group&gt;</string>
		</dict>
		<key>7E926FD8118888E900FC2037</key>
		<dict>
			<key>fileRef</key>
			<string>7E926FCF118888E800FC2037</string>
			<key>isa</key>
			<string>PBXBuildFile</string>
		</dict>
		<key>7E926FD9118888E900FC2037</key>
		<dict>
			<key>fileRef</key>
			<string>7E926FD1118888E800FC2037</string>
			<key>isa</key>
			<string>PBXBuildFile</string>
		</dict>
		<key>7E926FDA118888E900FC2037</key>
		<dict>
			<key>fileRef</key>
			<string>7E926FD2118888E800FC2037</string>
			<key>isa</key>
			<string>PBXBuildFile</string>
		</dict>
		<key>7E926FDB118888E900FC2037</key>
		<dict>
			<key>fileRef</key>
			<string>7E926FD4118888E900FC2037</string>
			<key>isa</key>
			<string>PBXBuildFile</string>
		</dict>
		<key>7E926FDC118888E900FC2037</key>
		<dict>
			<key>fileRef</key>
			<string>7E926FD5118888E900FC2037</string>
			<key>isa</key>
			<string>PBXBuildFile</string>
		</dict>
		<key>7E926FDD118888E900FC2037</key>
		<dict>
			<key>fileRef</key>
			<string>7E926FD6118888E900FC2037</string>
			<key>isa</key>
			<string>PBXBuildFile</string>
		</dict>
		<key>7E926FDE118888E900FC2037</key>
		<dict>
			<key>fileRef</key>
			<string>7E926FD7118888E900FC2037</string>
			<key>isa</key>
			<string>PBXBuildFile</string>
		</dict>
		<key>7E92703011888A7F00FC2037</key>
		<dict>
			<key>isa</key>
			<string>PBXFileReference</string>
			<key>lastKnownFileType</key>
			<string>wrapper.framework</string>
			<key>name</key>
			<string>StoreKit.framework</string>
			<key>path</key>
			<string>System/Library/Frameworks/StoreKit.framework</string>
			<key>sourceTree</key>
			<string>SDKROOT</string>
		</dict>
		<key>7E92703111888A7F00FC2037</key>
		<dict>
			<key>fileRef</key>
			<string>7E92703011888A7F00FC2037</string>
			<key>isa</key>
			<string>PBXBuildFile</string>
		</dict>
		<key>7E93E846119A6CA90022A45A</key>
		<dict>
			<key>children</key>
			<array>
				<string>7E93E847119A6CA90022A45A</string>
				<string>7E93E848119A6CA90022A45A</string>
				<string>7E93E849119A6CA90022A45A</string>
				<string>7E93E84A119A6CA90022A45A</string>
				<string>7E93E84B119A6CA90022A45A</string>
				<string>7E93E84C119A6CA90022A45A</string>
				<string>7E93E84D119A6CA90022A45A</string>
				<string>7E93E84E119A6CA90022A45A</string>
				<string>7E93E84F119A6CA90022A45A</string>
				<string>7E93E850119A6CA90022A45A</string>
				<string>7E93E851119A6CA90022A45A</string>
				<string>7E93E852119A6CA90022A45A</string>
				<string>7E93E853119A6CA90022A45A</string>
			</array>
			<key>isa</key>
			<string>PBXGroup</string>
			<key>path</key>
			<string>JSON</string>
			<key>sourceTree</key>
			<string>&lt;group&gt;</string>
		</dict>
		<key>7E93E847119A6CA90022A45A</key>
		<dict>
			<key>fileEncoding</key>
			<string>4</string>
			<key>isa</key>
			<string>PBXFileReference</string>
			<key>lastKnownFileType</key>
			<string>sourcecode.c.h</string>
			<key>path</key>
			<string>JSON.h</string>
			<key>sourceTree</key>
			<string>&lt;group&gt;</string>
		</dict>
		<key>7E93E848119A6CA90022A45A</key>
		<dict>
			<key>fileEncoding</key>
			<string>4</string>
			<key>isa</key>
			<string>PBXFileReference</string>
			<key>lastKnownFileType</key>
			<string>sourcecode.c.h</string>
			<key>path</key>
			<string>NSObject+SBJSON.h</string>
			<key>sourceTree</key>
			<string>&lt;group&gt;</string>
		</dict>
		<key>7E93E849119A6CA90022A45A</key>
		<dict>
			<key>fileEncoding</key>
			<string>4</string>
			<key>isa</key>
			<string>PBXFileReference</string>
			<key>lastKnownFileType</key>
			<string>sourcecode.c.objc</string>
			<key>path</key>
			<string>NSObject+SBJSON.m</string>
			<key>sourceTree</key>
			<string>&lt;group&gt;</string>
		</dict>
		<key>7E93E84A119A6CA90022A45A</key>
		<dict>
			<key>fileEncoding</key>
			<string>4</string>
			<key>isa</key>
			<string>PBXFileReference</string>
			<key>lastKnownFileType</key>
			<string>sourcecode.c.h</string>
			<key>path</key>
			<string>NSString+SBJSON.h</string>
			<key>sourceTree</key>
			<string>&lt;group&gt;</string>
		</dict>
		<key>7E93E84B119A6CA90022A45A</key>
		<dict>
			<key>fileEncoding</key>
			<string>4</string>
			<key>isa</key>
			<string>PBXFileReference</string>
			<key>lastKnownFileType</key>
			<string>sourcecode.c.objc</string>
			<key>path</key>
			<string>NSString+SBJSON.m</string>
			<key>sourceTree</key>
			<string>&lt;group&gt;</string>
		</dict>
		<key>7E93E84C119A6CA90022A45A</key>
		<dict>
			<key>fileEncoding</key>
			<string>4</string>
			<key>isa</key>
			<string>PBXFileReference</string>
			<key>lastKnownFileType</key>
			<string>sourcecode.c.h</string>
			<key>path</key>
			<string>SBJSON.h</string>
			<key>sourceTree</key>
			<string>&lt;group&gt;</string>
		</dict>
		<key>7E93E84D119A6CA90022A45A</key>
		<dict>
			<key>fileEncoding</key>
			<string>4</string>
			<key>isa</key>
			<string>PBXFileReference</string>
			<key>lastKnownFileType</key>
			<string>sourcecode.c.objc</string>
			<key>path</key>
			<string>SBJSON.m</string>
			<key>sourceTree</key>
			<string>&lt;group&gt;</string>
		</dict>
		<key>7E93E84E119A6CA90022A45A</key>
		<dict>
			<key>fileEncoding</key>
			<string>4</string>
			<key>isa</key>
			<string>PBXFileReference</string>
			<key>lastKnownFileType</key>
			<string>sourcecode.c.h</string>
			<key>path</key>
			<string>SBJsonBase.h</string>
			<key>sourceTree</key>
			<string>&lt;group&gt;</string>
		</dict>
		<key>7E93E84F119A6CA90022A45A</key>
		<dict>
			<key>fileEncoding</key>
			<string>4</string>
			<key>isa</key>
			<string>PBXFileReference</string>
			<key>lastKnownFileType</key>
			<string>sourcecode.c.objc</string>
			<key>path</key>
			<string>SBJsonBase.m</string>
			<key>sourceTree</key>
			<string>&lt;group&gt;</string>
		</dict>
		<key>7E93E850119A6CA90022A45A</key>
		<dict>
			<key>fileEncoding</key>
			<string>4</string>
			<key>isa</key>
			<string>PBXFileReference</string>
			<key>lastKnownFileType</key>
			<string>sourcecode.c.h</string>
			<key>path</key>
			<string>SBJsonParser.h</string>
			<key>sourceTree</key>
			<string>&lt;group&gt;</string>
		</dict>
		<key>7E93E851119A6CA90022A45A</key>
		<dict>
			<key>fileEncoding</key>
			<string>4</string>
			<key>isa</key>
			<string>PBXFileReference</string>
			<key>lastKnownFileType</key>
			<string>sourcecode.c.objc</string>
			<key>path</key>
			<string>SBJsonParser.m</string>
			<key>sourceTree</key>
			<string>&lt;group&gt;</string>
		</dict>
		<key>7E93E852119A6CA90022A45A</key>
		<dict>
			<key>fileEncoding</key>
			<string>4</string>
			<key>isa</key>
			<string>PBXFileReference</string>
			<key>lastKnownFileType</key>
			<string>sourcecode.c.h</string>
			<key>path</key>
			<string>SBJsonWriter.h</string>
			<key>sourceTree</key>
			<string>&lt;group&gt;</string>
		</dict>
		<key>7E93E853119A6CA90022A45A</key>
		<dict>
			<key>fileEncoding</key>
			<string>4</string>
			<key>isa</key>
			<string>PBXFileReference</string>
			<key>lastKnownFileType</key>
			<string>sourcecode.c.objc</string>
			<key>path</key>
			<string>SBJsonWriter.m</string>
			<key>sourceTree</key>
			<string>&lt;group&gt;</string>
		</dict>
		<key>7E93E854119A6CA90022A45A</key>
		<dict>
			<key>fileRef</key>
			<string>7E93E849119A6CA90022A45A</string>
			<key>isa</key>
			<string>PBXBuildFile</string>
		</dict>
		<key>7E93E855119A6CA90022A45A</key>
		<dict>
			<key>fileRef</key>
			<string>7E93E84B119A6CA90022A45A</string>
			<key>isa</key>
			<string>PBXBuildFile</string>
		</dict>
		<key>7E93E856119A6CA90022A45A</key>
		<dict>
			<key>fileRef</key>
			<string>7E93E84D119A6CA90022A45A</string>
			<key>isa</key>
			<string>PBXBuildFile</string>
		</dict>
		<key>7E93E857119A6CA90022A45A</key>
		<dict>
			<key>fileRef</key>
			<string>7E93E84F119A6CA90022A45A</string>
			<key>isa</key>
			<string>PBXBuildFile</string>
		</dict>
		<key>7E93E858119A6CA90022A45A</key>
		<dict>
			<key>fileRef</key>
			<string>7E93E851119A6CA90022A45A</string>
			<key>isa</key>
			<string>PBXBuildFile</string>
		</dict>
		<key>7E93E859119A6CA90022A45A</key>
		<dict>
			<key>fileRef</key>
			<string>7E93E853119A6CA90022A45A</string>
			<key>isa</key>
			<string>PBXBuildFile</string>
		</dict>
		<key>7E9E49BA1187F1FE00A3C308</key>
		<dict>
			<key>isa</key>
			<string>PBXFileReference</string>
			<key>lastKnownFileType</key>
			<string>image.png</string>
			<key>name</key>
			<string>DefaultBG.png</string>
			<key>path</key>
			<string>Images/DefaultBG.png</string>
			<key>sourceTree</key>
			<string>&lt;group&gt;</string>
		</dict>
		<key>7E9E49BB1187F1FE00A3C308</key>
		<dict>
			<key>fileRef</key>
			<string>7E9E49BA1187F1FE00A3C308</string>
			<key>isa</key>
			<string>PBXBuildFile</string>
		</dict>
		<key>7ECD0CFD11A0CA1000B7CFC6</key>
		<dict>
			<key>fileEncoding</key>
			<string>4</string>
			<key>isa</key>
			<string>PBXFileReference</string>
			<key>lastKnownFileType</key>
			<string>sourcecode.c.h</string>
			<key>path</key>
			<string>ImageCache.h</string>
			<key>sourceTree</key>
			<string>&lt;group&gt;</string>
		</dict>
		<key>7ECD0CFE11A0CA1000B7CFC6</key>
		<dict>
			<key>fileEncoding</key>
			<string>4</string>
			<key>isa</key>
			<string>PBXFileReference</string>
			<key>lastKnownFileType</key>
			<string>sourcecode.c.objc</string>
			<key>path</key>
			<string>ImageCache.m</string>
			<key>sourceTree</key>
			<string>&lt;group&gt;</string>
		</dict>
		<key>7ECD0CFF11A0CA1000B7CFC6</key>
		<dict>
			<key>fileRef</key>
			<string>7ECD0CFE11A0CA1000B7CFC6</string>
			<key>isa</key>
			<string>PBXBuildFile</string>
		</dict>
		<key>7ECD0DDB11A0E66C00B7CFC6</key>
		<dict>
			<key>isa</key>
			<string>PBXFileReference</string>
			<key>lastKnownFileType</key>
			<string>image.png</string>
			<key>name</key>
			<string>loading-icon.png</string>
			<key>path</key>
			<string>Images/loading-icon.png</string>
			<key>sourceTree</key>
			<string>&lt;group&gt;</string>
		</dict>
		<key>7ECD0DDC11A0E66C00B7CFC6</key>
		<dict>
			<key>fileRef</key>
			<string>7ECD0DDB11A0E66C00B7CFC6</string>
			<key>isa</key>
			<string>PBXBuildFile</string>
		</dict>
		<key>7ECD6F4311A9460B001081A5</key>
		<dict>
			<key>isa</key>
			<string>PBXFileReference</string>
			<key>lastKnownFileType</key>
			<string>image.png</string>
			<key>name</key>
			<string>delete-icon.png</string>
			<key>path</key>
			<string>Images/delete-icon.png</string>
			<key>sourceTree</key>
			<string>&lt;group&gt;</string>
		</dict>
		<key>7ECD6F4411A9460B001081A5</key>
		<dict>
			<key>fileRef</key>
			<string>7ECD6F4311A9460B001081A5</string>
			<key>isa</key>
			<string>PBXBuildFile</string>
		</dict>
		<key>7ECD708E11A9778C001081A5</key>
		<dict>
			<key>isa</key>
			<string>PBXFileReference</string>
			<key>lastKnownFileType</key>
			<string>image.png</string>
			<key>name</key>
			<string>fullscreen-icon.png</string>
			<key>path</key>
			<string>Images/fullscreen-icon.png</string>
			<key>sourceTree</key>
			<string>&lt;group&gt;</string>
		</dict>
		<key>7ECD708F11A9778C001081A5</key>
		<dict>
			<key>isa</key>
			<string>PBXFileReference</string>
			<key>lastKnownFileType</key>
			<string>image.png</string>
			<key>name</key>
			<string>show-toolbars-button.png</string>
			<key>path</key>
			<string>Images/show-toolbars-button.png</string>
			<key>sourceTree</key>
			<string>&lt;group&gt;</string>
		</dict>
		<key>7ECD709011A9778C001081A5</key>
		<dict>
			<key>fileRef</key>
			<string>7ECD708E11A9778C001081A5</string>
			<key>isa</key>
			<string>PBXBuildFile</string>
		</dict>
		<key>7ECD709111A9778C001081A5</key>
		<dict>
			<key>fileRef</key>
			<string>7ECD708F11A9778C001081A5</string>
			<key>isa</key>
			<string>PBXBuildFile</string>
		</dict>
		<key>7ECFAC2011883F5C00ACDB60</key>
		<dict>
			<key>isa</key>
			<string>PBXFileReference</string>
			<key>lastKnownFileType</key>
			<string>image.png</string>
			<key>name</key>
			<string>posts-icon.png</string>
			<key>path</key>
			<string>Images/posts-icon.png</string>
			<key>sourceTree</key>
			<string>&lt;group&gt;</string>
		</dict>
		<key>7ECFAC2111883F5C00ACDB60</key>
		<dict>
			<key>fileRef</key>
			<string>7ECFAC2011883F5C00ACDB60</string>
			<key>isa</key>
			<string>PBXBuildFile</string>
		</dict>
		<key>7EDC74D8118C30E900C79F25</key>
		<dict>
			<key>isa</key>
			<string>PBXFileReference</string>
			<key>lastKnownFileType</key>
			<string>image.png</string>
			<key>name</key>
			<string>why-go-pro-splash.png</string>
			<key>path</key>
			<string>Images/why-go-pro-splash.png</string>
			<key>sourceTree</key>
			<string>&lt;group&gt;</string>
		</dict>
		<key>7EDC74D9118C30E900C79F25</key>
		<dict>
			<key>fileRef</key>
			<string>7EDC74D8118C30E900C79F25</string>
			<key>isa</key>
			<string>PBXBuildFile</string>
		</dict>
		<key>7EDC74FB118C5B0700C79F25</key>
		<dict>
			<key>isa</key>
			<string>PBXFileReference</string>
			<key>lastKnownFileType</key>
			<string>image.png</string>
			<key>name</key>
			<string>orange-back-button.png</string>
			<key>path</key>
			<string>Images/orange-back-button.png</string>
			<key>sourceTree</key>
			<string>&lt;group&gt;</string>
		</dict>
		<key>7EDC74FC118C5B0700C79F25</key>
		<dict>
			<key>fileRef</key>
			<string>7EDC74FB118C5B0700C79F25</string>
			<key>isa</key>
			<string>PBXBuildFile</string>
		</dict>
		<key>7EDF4D26118D3DBD005A7435</key>
		<dict>
			<key>isa</key>
			<string>PBXFileReference</string>
			<key>lastKnownFileType</key>
			<string>image.png</string>
			<key>name</key>
			<string>no-internet-connection.png</string>
			<key>path</key>
			<string>Images/no-internet-connection.png</string>
			<key>sourceTree</key>
			<string>&lt;group&gt;</string>
		</dict>
		<key>7EDF4D27118D3DBD005A7435</key>
		<dict>
			<key>fileRef</key>
			<string>7EDF4D26118D3DBD005A7435</string>
			<key>isa</key>
			<string>PBXBuildFile</string>
		</dict>
		<key>7EDF4D3E118D45D4005A7435</key>
		<dict>
			<key>fileEncoding</key>
			<string>4</string>
			<key>isa</key>
			<string>PBXFileReference</string>
			<key>lastKnownFileType</key>
			<string>sourcecode.c.objc</string>
			<key>name</key>
			<string>Reachability.m</string>
			<key>path</key>
			<string>Classes/Reachability.m</string>
			<key>sourceTree</key>
			<string>&lt;group&gt;</string>
		</dict>
		<key>7EDF4D3F118D45D4005A7435</key>
		<dict>
			<key>fileEncoding</key>
			<string>4</string>
			<key>isa</key>
			<string>PBXFileReference</string>
			<key>lastKnownFileType</key>
			<string>sourcecode.c.h</string>
			<key>name</key>
			<string>Reachability.h</string>
			<key>path</key>
			<string>Classes/Reachability.h</string>
			<key>sourceTree</key>
			<string>&lt;group&gt;</string>
		</dict>
		<key>7EDF4D40118D45D4005A7435</key>
		<dict>
			<key>fileRef</key>
			<string>7EDF4D3E118D45D4005A7435</string>
			<key>isa</key>
			<string>PBXBuildFile</string>
		</dict>
		<key>7EDF4D44118D464B005A7435</key>
		<dict>
			<key>isa</key>
			<string>PBXFileReference</string>
			<key>lastKnownFileType</key>
			<string>wrapper.framework</string>
			<key>name</key>
			<string>SystemConfiguration.framework</string>
			<key>path</key>
			<string>System/Library/Frameworks/SystemConfiguration.framework</string>
			<key>sourceTree</key>
			<string>SDKROOT</string>
		</dict>
		<key>7EDF4D45118D464B005A7435</key>
		<dict>
			<key>fileRef</key>
			<string>7EDF4D44118D464B005A7435</string>
			<key>isa</key>
			<string>PBXBuildFile</string>
		</dict>
		<key>7EDF4E25118D7D62005A7435</key>
		<dict>
			<key>isa</key>
			<string>PBXFileReference</string>
			<key>lastKnownFileType</key>
			<string>image.png</string>
			<key>name</key>
			<string>more-options-icon.png</string>
			<key>path</key>
			<string>Images/more-options-icon.png</string>
			<key>sourceTree</key>
			<string>&lt;group&gt;</string>
		</dict>
		<key>7EDF4E26118D7D62005A7435</key>
		<dict>
			<key>fileRef</key>
			<string>7EDF4E25118D7D62005A7435</string>
			<key>isa</key>
			<string>PBXBuildFile</string>
		</dict>
		<key>7EE1C9F4118D8AC500B4B7B2</key>
		<dict>
			<key>isa</key>
			<string>PBXFileReference</string>
			<key>lastKnownFileType</key>
			<string>image.png</string>
			<key>name</key>
			<string>green-tick-icon.png</string>
			<key>path</key>
			<string>Images/green-tick-icon.png</string>
			<key>sourceTree</key>
			<string>&lt;group&gt;</string>
		</dict>
		<key>7EE1C9F5118D8AC500B4B7B2</key>
		<dict>
			<key>fileRef</key>
			<string>7EE1C9F4118D8AC500B4B7B2</string>
			<key>isa</key>
			<string>PBXBuildFile</string>
		</dict>
		<key>7EE5370B11AC6DFD006FFF12</key>
		<dict>
			<key>isa</key>
			<string>PBXFileReference</string>
			<key>lastKnownFileType</key>
			<string>image.png</string>
			<key>name</key>
			<string>fullscreen-back-button.png</string>
			<key>path</key>
			<string>Images/fullscreen-back-button.png</string>
			<key>sourceTree</key>
			<string>&lt;group&gt;</string>
		</dict>
		<key>7EE5370C11AC6DFD006FFF12</key>
		<dict>
			<key>fileRef</key>
			<string>7EE5370B11AC6DFD006FFF12</string>
			<key>isa</key>
			<string>PBXBuildFile</string>
		</dict>
		<key>7EE5372011AC720E006FFF12</key>
		<dict>
			<key>isa</key>
			<string>PBXFileReference</string>
			<key>lastKnownFileType</key>
			<string>image.png</string>
			<key>name</key>
			<string>right-arrow-dim.png</string>
			<key>path</key>
			<string>Images/right-arrow-dim.png</string>
			<key>sourceTree</key>
			<string>&lt;group&gt;</string>
		</dict>
		<key>7EE5372111AC720E006FFF12</key>
		<dict>
			<key>fileRef</key>
			<string>7EE5372011AC720E006FFF12</string>
			<key>isa</key>
			<string>PBXBuildFile</string>
		</dict>
		<key>7EEDFE4D11ADDA5E008C039B</key>
		<dict>
			<key>fileEncoding</key>
			<string>4</string>
			<key>isa</key>
			<string>PBXFileReference</string>
			<key>lastKnownFileType</key>
			<string>text</string>
			<key>path</key>
			<string>README</string>
			<key>sourceTree</key>
			<string>&lt;group&gt;</string>
		</dict>
		<key>7EEDFE4E11ADDA5E008C039B</key>
		<dict>
			<key>fileRef</key>
			<string>7EEDFE4D11ADDA5E008C039B</string>
			<key>isa</key>
			<string>PBXBuildFile</string>
		</dict>
		<key>7EF9772411ADCDF900B5D81F</key>
		<dict>
			<key>children</key>
			<array>
				<string>7EDF4D3E118D45D4005A7435</string>
				<string>7EDF4D3F118D45D4005A7435</string>
			</array>
			<key>isa</key>
			<string>PBXGroup</string>
			<key>name</key>
			<string>Reachability</string>
			<key>sourceTree</key>
			<string>&lt;group&gt;</string>
		</dict>
		<key>8D1107310486CEB800E47090</key>
		<dict>
			<key>fileEncoding</key>
			<string>4</string>
			<key>isa</key>
			<string>PBXFileReference</string>
			<key>lastKnownFileType</key>
			<string>text.plist.xml</string>
			<key>path</key>
			<string>AlienBlue-Info.plist</string>
			<key>plistStructureDefinitionIdentifier</key>
			<string>com.apple.xcode.plist.structure-definition.iphone.info-plist</string>
			<key>sourceTree</key>
			<string>&lt;group&gt;</string>
		</dict>
		<key>9F0E6CCC66CFA6BBD1EEC345</key>
		<dict>
			<key>fileRef</key>
			<string>0F4F6F23A9DB67629DB39F50</string>
			<key>isa</key>
			<string>PBXBuildFile</string>
		</dict>
		<key>C01FCF4E08A954540054247B</key>
		<dict>
			<key>buildConfigurations</key>
			<array>
				<string>C01FCF4F08A954540054247B</string>
				<string>C01FCF5008A954540054247B</string>
				<string>7E03F0051193CBDC008D3917</string>
			</array>
			<key>defaultConfigurationIsVisible</key>
			<string>0</string>
			<key>defaultConfigurationName</key>
			<string>Release</string>
			<key>isa</key>
			<string>XCConfigurationList</string>
		</dict>
		<key>C01FCF4F08A954540054247B</key>
		<dict>
			<key>buildSettings</key>
			<dict>
				<key>ARCHS</key>
				<string>$(ARCHS_STANDARD_32_BIT)</string>
				<key>CODE_SIGN_IDENTITY[sdk=iphoneos*]</key>
				<string>iPhone Developer: Jason Morrissey (833HJWY655)</string>
				<key>GCC_C_LANGUAGE_STANDARD</key>
				<string>c99</string>
				<key>GCC_DEBUGGING_SYMBOLS</key>
				<string>full</string>
				<key>GCC_ENABLE_FIX_AND_CONTINUE</key>
				<string>YES</string>
				<key>GCC_WARN_ABOUT_RETURN_TYPE</key>
				<string>YES</string>
				<key>GCC_WARN_UNUSED_VARIABLE</key>
				<string>YES</string>
				<key>GENERATE_PROFILING_CODE</key>
				<string>YES</string>
				<key>PREBINDING</key>
				<string>NO</string>
				<key>PRODUCT_NAME</key>
				<string>Alien Blue</string>
				<key>PROVISIONING_PROFILE[sdk=iphoneos*]</key>
				<string>2451BC07-134E-4C68-B98B-79DBF3C7737B</string>
				<key>SDKROOT</key>
				<string>iphoneos3.0</string>
			</dict>
			<key>isa</key>
			<string>XCBuildConfiguration</string>
			<key>name</key>
			<string>Debug</string>
		</dict>
		<key>C01FCF5008A954540054247B</key>
		<dict>
			<key>buildSettings</key>
			<dict>
				<key>ARCHS</key>
				<string>$(ARCHS_STANDARD_32_BIT)</string>
				<key>CODE_SIGN_IDENTITY[sdk=iphoneos*]</key>
				<string>iPhone Developer: Jason Morrissey (833HJWY655)</string>
				<key>GCC_C_LANGUAGE_STANDARD</key>
				<string>c99</string>
				<key>GCC_WARN_ABOUT_RETURN_TYPE</key>
				<string>YES</string>
				<key>GCC_WARN_UNUSED_VARIABLE</key>
				<string>YES</string>
				<key>GENERATE_PROFILING_CODE</key>
				<string>YES</string>
				<key>PREBINDING</key>
				<string>NO</string>
				<key>PRODUCT_NAME</key>
				<string>Alien Blue</string>
				<key>PROVISIONING_PROFILE[sdk=iphoneos*]</key>
				<string>2451BC07-134E-4C68-B98B-79DBF3C7737B</string>
				<key>SDKROOT</key>
				<string>iphoneos3.0</string>
			</dict>
			<key>isa</key>
			<string>XCBuildConfiguration</string>
			<key>name</key>
			<string>Release</string>
		</dict>
		<key>C779F441AE35F82CAC2C2FEE</key>
		<dict>
			<key>fileRef</key>
			<string>2EA65FA22B101870322BFA2B</string>
			<key>isa</key>
			<string>PBXBuildFile</string>
		</dict>
		<key>D8EF1142BAFD164EC918F5F6</key>
		<dict>
			<key>fileRef</key>
			<string>26DFEF73E22D9B7E8C619847</string>
			<key>isa</key>
			<string>PBXBuildFile</string>
		</dict>
	</dict>
	<key>rootObject</key>
	<string>29B97313FDCFA39411CA2CEA</string>
</dict>
</plist>
